// !$*UTF8*$!
{
	archiveVersion = 1;
	classes = {
	};
	objectVersion = 48;
	objects = {

/* Begin PBXBuildFile section */
		070BF07B207A1D03005B4231 /* AppDemos.storyboard in Resources */ = {isa = PBXBuildFile; fileRef = 070BF079207A1D03005B4231 /* AppDemos.storyboard */; };
		070BF07E207A1D38005B4231 /* InfoPlistDemoViewController.swift in Sources */ = {isa = PBXBuildFile; fileRef = 070BF07D207A1D38005B4231 /* InfoPlistDemoViewController.swift */; };
		070BF0F0207E00A6005B4231 /* RefreshTableViewController.swift in Sources */ = {isa = PBXBuildFile; fileRef = 070BF0EF207E00A6005B4231 /* RefreshTableViewController.swift */; };
		070BF0F5207F0A14005B4231 /* Requests.swift in Sources */ = {isa = PBXBuildFile; fileRef = 070BF0F4207F0A14005B4231 /* Requests.swift */; };
		07116C0F206A3AD300E00D7F /* VCDemos.storyboard in Resources */ = {isa = PBXBuildFile; fileRef = 07116C0D206A3AD300E00D7F /* VCDemos.storyboard */; };
		07116C12206A3AEC00E00D7F /* NetworkingDemos.storyboard in Resources */ = {isa = PBXBuildFile; fileRef = 07116C10206A3AEC00E00D7F /* NetworkingDemos.storyboard */; };
		07116C15206A3AFC00E00D7F /* TableDemos.storyboard in Resources */ = {isa = PBXBuildFile; fileRef = 07116C13206A3AFC00E00D7F /* TableDemos.storyboard */; };
		07116C2A206A3BAF00E00D7F /* BuiltInCellViewController.swift in Sources */ = {isa = PBXBuildFile; fileRef = 07116C17206A3BAE00E00D7F /* BuiltInCellViewController.swift */; };
		07116C2B206A3BAF00E00D7F /* CellInsertDeleteDemoViewController.swift in Sources */ = {isa = PBXBuildFile; fileRef = 07116C18206A3BAE00E00D7F /* CellInsertDeleteDemoViewController.swift */; };
		07116C2C206A3BAF00E00D7F /* AdapterCellViewController.swift in Sources */ = {isa = PBXBuildFile; fileRef = 07116C19206A3BAE00E00D7F /* AdapterCellViewController.swift */; };
		07116C2D206A3BAF00E00D7F /* SystemCellViewController.swift in Sources */ = {isa = PBXBuildFile; fileRef = 07116C1A206A3BAE00E00D7F /* SystemCellViewController.swift */; };
		07116C2E206A3BAF00E00D7F /* NetworkingViewController.swift in Sources */ = {isa = PBXBuildFile; fileRef = 07116C1C206A3BAE00E00D7F /* NetworkingViewController.swift */; };
		07116C2F206A3BAF00E00D7F /* IPAddressDemoViewController.swift in Sources */ = {isa = PBXBuildFile; fileRef = 07116C1D206A3BAE00E00D7F /* IPAddressDemoViewController.swift */; };
		07116C30206A3BAF00E00D7F /* PlainTableDemoViewController.swift in Sources */ = {isa = PBXBuildFile; fileRef = 07116C1F206A3BAE00E00D7F /* PlainTableDemoViewController.swift */; };
		07116C31206A3BAF00E00D7F /* HeadersViewController.swift in Sources */ = {isa = PBXBuildFile; fileRef = 07116C20206A3BAE00E00D7F /* HeadersViewController.swift */; };
		07116C32206A3BAF00E00D7F /* FontTextStylesViewController.swift in Sources */ = {isa = PBXBuildFile; fileRef = 07116C22206A3BAF00E00D7F /* FontTextStylesViewController.swift */; };
		07116C33206A3BAF00E00D7F /* StatefulDemoViewController.swift in Sources */ = {isa = PBXBuildFile; fileRef = 07116C23206A3BAF00E00D7F /* StatefulDemoViewController.swift */; };
		07116C34206A3BAF00E00D7F /* NavigationBarDemoViewController.swift in Sources */ = {isa = PBXBuildFile; fileRef = 07116C25206A3BAF00E00D7F /* NavigationBarDemoViewController.swift */; };
		07116C35206A3BAF00E00D7F /* LifeCycleDemoViewController.swift in Sources */ = {isa = PBXBuildFile; fileRef = 07116C26206A3BAF00E00D7F /* LifeCycleDemoViewController.swift */; };
		07116C36206A3BAF00E00D7F /* TapActionDemoViewController.swift in Sources */ = {isa = PBXBuildFile; fileRef = 07116C27206A3BAF00E00D7F /* TapActionDemoViewController.swift */; };
		07116C37206A3BAF00E00D7F /* SegueDemoViewController.swift in Sources */ = {isa = PBXBuildFile; fileRef = 07116C28206A3BAF00E00D7F /* SegueDemoViewController.swift */; };
		07116C38206A3BAF00E00D7F /* NavigationBarSearchViewController.swift in Sources */ = {isa = PBXBuildFile; fileRef = 07116C29206A3BAF00E00D7F /* NavigationBarSearchViewController.swift */; };
		07116C3A206B45F800E00D7F /* PlainTableHideBottomCellsViewController.swift in Sources */ = {isa = PBXBuildFile; fileRef = 07116C39206B45F700E00D7F /* PlainTableHideBottomCellsViewController.swift */; };
		0712AEB31FF5E15E0053A59F /* file.txt in Resources */ = {isa = PBXBuildFile; fileRef = 0712AEB21FF5E15E0053A59F /* file.txt */; };
		071D62932068D1B0005D0F9E /* UIDemos.storyboard in Resources */ = {isa = PBXBuildFile; fileRef = 071D62912068D1B0005D0F9E /* UIDemos.storyboard */; };
		071D629B2068DD34005D0F9E /* StatefulCell.swift in Sources */ = {isa = PBXBuildFile; fileRef = 071D62992068DD34005D0F9E /* StatefulCell.swift */; };
		071D629C2068DD34005D0F9E /* StatefulCell.xib in Resources */ = {isa = PBXBuildFile; fileRef = 071D629A2068DD34005D0F9E /* StatefulCell.xib */; };
		071D629E2069E2B3005D0F9E /* StateLoadingView.swift in Sources */ = {isa = PBXBuildFile; fileRef = 071D629D2069E2B3005D0F9E /* StateLoadingView.swift */; };
		071D62A02069E2BB005D0F9E /* StateEmptyView.swift in Sources */ = {isa = PBXBuildFile; fileRef = 071D629F2069E2BB005D0F9E /* StateEmptyView.swift */; };
		071D62A22069E2C6005D0F9E /* StateFailView.swift in Sources */ = {isa = PBXBuildFile; fileRef = 071D62A12069E2C6005D0F9E /* StateFailView.swift */; };
		0725BF0720170E7000DA1E3C /* SnapKit.framework in Frameworks */ = {isa = PBXBuildFile; fileRef = 0725BF0620170E6F00DA1E3C /* SnapKit.framework */; };
		0725BF0820170E7800DA1E3C /* SnapKit.framework in Embed Frameworks */ = {isa = PBXBuildFile; fileRef = 0725BF0620170E6F00DA1E3C /* SnapKit.framework */; settings = {ATTRIBUTES = (CodeSignOnCopy, RemoveHeadersOnCopy, ); }; };
		0728657D2008A40C00C3C368 /* QuickSwift.framework in Embed Frameworks */ = {isa = PBXBuildFile; fileRef = 07AE23D61FCEB04B00028BC4 /* QuickSwift.framework */; settings = {ATTRIBUTES = (CodeSignOnCopy, RemoveHeadersOnCopy, ); }; };
		072865882008A6DC00C3C368 /* Alamofire.framework in Frameworks */ = {isa = PBXBuildFile; fileRef = 072865862008A6DC00C3C368 /* Alamofire.framework */; };
		072865892008A6DC00C3C368 /* OHHTTPStubs.framework in Frameworks */ = {isa = PBXBuildFile; fileRef = 072865872008A6DC00C3C368 /* OHHTTPStubs.framework */; };
		0728658A2008A73D00C3C368 /* OHHTTPStubs.framework in Embed Frameworks */ = {isa = PBXBuildFile; fileRef = 072865872008A6DC00C3C368 /* OHHTTPStubs.framework */; settings = {ATTRIBUTES = (CodeSignOnCopy, RemoveHeadersOnCopy, ); }; };
		0728658B2008A74200C3C368 /* Alamofire.framework in Embed Frameworks */ = {isa = PBXBuildFile; fileRef = 072865862008A6DC00C3C368 /* Alamofire.framework */; settings = {ATTRIBUTES = (CodeSignOnCopy, RemoveHeadersOnCopy, ); }; };
		0728658E2008AAD400C3C368 /* stub-students.json in Resources */ = {isa = PBXBuildFile; fileRef = 0728658D2008AAD400C3C368 /* stub-students.json */; };
		0756E47F20995F3D001D2C04 /* LinksViewController.swift in Sources */ = {isa = PBXBuildFile; fileRef = 0756E47E20995F3D001D2C04 /* LinksViewController.swift */; };
		0756E48120995F4B001D2C04 /* WebPageViewController.swift in Sources */ = {isa = PBXBuildFile; fileRef = 0756E48020995F4B001D2C04 /* WebPageViewController.swift */; };
		075EE16220BFF1A300A2614E /* CustomSegue1ViewController.swift in Sources */ = {isa = PBXBuildFile; fileRef = 075EE16120BFF1A300A2614E /* CustomSegue1ViewController.swift */; };
		075EE16420BFF2F800A2614E /* CrossFadeSegue.swift in Sources */ = {isa = PBXBuildFile; fileRef = 075EE16320BFF2F800A2614E /* CrossFadeSegue.swift */; };
		075EE16620BFF32B00A2614E /* CustomSegue2ViewController.swift in Sources */ = {isa = PBXBuildFile; fileRef = 075EE16520BFF32B00A2614E /* CustomSegue2ViewController.swift */; };
		075EE16820BFF33600A2614E /* CustomSegue3ViewController.swift in Sources */ = {isa = PBXBuildFile; fileRef = 075EE16720BFF33600A2614E /* CustomSegue3ViewController.swift */; };
		075EE16A20C0F4DC00A2614E /* ScaleSegue.swift in Sources */ = {isa = PBXBuildFile; fileRef = 075EE16920C0F4DC00A2614E /* ScaleSegue.swift */; };
		075EE16C20C12F6C00A2614E /* VerticalSwipeSegue.swift in Sources */ = {isa = PBXBuildFile; fileRef = 075EE16B20C12F6C00A2614E /* VerticalSwipeSegue.swift */; };
		075EE16E20C12FF300A2614E /* CustomSegue4ViewController.swift in Sources */ = {isa = PBXBuildFile; fileRef = 075EE16D20C12FF300A2614E /* CustomSegue4ViewController.swift */; };
		0784D47D2085FAD000CBC85B /* CellItemPattern1ViewController.swift in Sources */ = {isa = PBXBuildFile; fileRef = 0784D47C2085FAD000CBC85B /* CellItemPattern1ViewController.swift */; };
		0784D47F2085FADA00CBC85B /* CellItemPattern2ViewController.swift in Sources */ = {isa = PBXBuildFile; fileRef = 0784D47E2085FADA00CBC85B /* CellItemPattern2ViewController.swift */; };
		0784D4812085FAE300CBC85B /* CellItemPattern3ViewController.swift in Sources */ = {isa = PBXBuildFile; fileRef = 0784D4802085FAE300CBC85B /* CellItemPattern3ViewController.swift */; };
		0784D4832085FBCF00CBC85B /* CellItemPattern4ViewController.swift in Sources */ = {isa = PBXBuildFile; fileRef = 0784D4822085FBCF00CBC85B /* CellItemPattern4ViewController.swift */; };
		0784D4862086D13200CBC85B /* CellItem1Cell.swift in Sources */ = {isa = PBXBuildFile; fileRef = 0784D4842086D13200CBC85B /* CellItem1Cell.swift */; };
		0784D4872086D13200CBC85B /* CellItem1Cell.xib in Resources */ = {isa = PBXBuildFile; fileRef = 0784D4852086D13200CBC85B /* CellItem1Cell.xib */; };
		0784D48A2086D14100CBC85B /* CellItem2Cell.swift in Sources */ = {isa = PBXBuildFile; fileRef = 0784D4882086D14000CBC85B /* CellItem2Cell.swift */; };
		0784D48B2086D14100CBC85B /* CellItem2Cell.xib in Resources */ = {isa = PBXBuildFile; fileRef = 0784D4892086D14100CBC85B /* CellItem2Cell.xib */; };
		0784D48E2086D15200CBC85B /* CellItem3Cell.swift in Sources */ = {isa = PBXBuildFile; fileRef = 0784D48C2086D15200CBC85B /* CellItem3Cell.swift */; };
		0784D48F2086D15200CBC85B /* CellItem3Cell.xib in Resources */ = {isa = PBXBuildFile; fileRef = 0784D48D2086D15200CBC85B /* CellItem3Cell.xib */; };
		0784D4912086E36F00CBC85B /* DemoCellItems.swift in Sources */ = {isa = PBXBuildFile; fileRef = 0784D4902086E36F00CBC85B /* DemoCellItems.swift */; };
		0784D4932086E68A00CBC85B /* CellItemPattern5ViewController.swift in Sources */ = {isa = PBXBuildFile; fileRef = 0784D4922086E68A00CBC85B /* CellItemPattern5ViewController.swift */; };
		078EE9552004945C00DF554C /* ExamplesViewController.swift in Sources */ = {isa = PBXBuildFile; fileRef = 078EE9542004945C00DF554C /* ExamplesViewController.swift */; };
		07AE23D51FCEB04B00028BC4 /* QuickSwift.framework in Frameworks */ = {isa = PBXBuildFile; fileRef = 07AE23D61FCEB04B00028BC4 /* QuickSwift.framework */; };
		07D148A0201EC81A005F630A /* Consts.swift in Sources */ = {isa = PBXBuildFile; fileRef = 07D1489F201EC81A005F630A /* Consts.swift */; };
		07F03D921FCBFBDA006F79C8 /* AppDelegate.swift in Sources */ = {isa = PBXBuildFile; fileRef = 07F03D911FCBFBDA006F79C8 /* AppDelegate.swift */; };
		07F03D971FCBFBDA006F79C8 /* Main.storyboard in Resources */ = {isa = PBXBuildFile; fileRef = 07F03D951FCBFBDA006F79C8 /* Main.storyboard */; };
		07F03D991FCBFBDA006F79C8 /* Assets.xcassets in Resources */ = {isa = PBXBuildFile; fileRef = 07F03D981FCBFBDA006F79C8 /* Assets.xcassets */; };
		07F03D9C1FCBFBDA006F79C8 /* LaunchScreen.storyboard in Resources */ = {isa = PBXBuildFile; fileRef = 07F03D9A1FCBFBDA006F79C8 /* LaunchScreen.storyboard */; };
		07F03DA71FCBFBDB006F79C8 /* ExampleTests.swift in Sources */ = {isa = PBXBuildFile; fileRef = 07F03DA61FCBFBDB006F79C8 /* ExampleTests.swift */; };
		07F03DB21FCBFBDB006F79C8 /* ExampleUITests.swift in Sources */ = {isa = PBXBuildFile; fileRef = 07F03DB11FCBFBDB006F79C8 /* ExampleUITests.swift */; };
		07F60E872088937300ACB524 /* CheatSheet.storyboard in Resources */ = {isa = PBXBuildFile; fileRef = 07F60E852088937300ACB524 /* CheatSheet.storyboard */; };
		07F60E8A208893BA00ACB524 /* CellItemPattern.storyboard in Resources */ = {isa = PBXBuildFile; fileRef = 07F60E88208893B900ACB524 /* CellItemPattern.storyboard */; };
		07F60E9220897C7700ACB524 /* CheatSheetViewController.swift in Sources */ = {isa = PBXBuildFile; fileRef = 07F60E9120897C7700ACB524 /* CheatSheetViewController.swift */; };
		07F60E94208D856C00ACB524 /* AutoDimentionDemoViewController.swift in Sources */ = {isa = PBXBuildFile; fileRef = 07F60E93208D856C00ACB524 /* AutoDimentionDemoViewController.swift */; };
		07F60E9B208F011800ACB524 /* AutoLabelCell.swift in Sources */ = {isa = PBXBuildFile; fileRef = 07F60E99208F011800ACB524 /* AutoLabelCell.swift */; };
		07F60E9C208F011800ACB524 /* AutoLabelCell.xib in Resources */ = {isa = PBXBuildFile; fileRef = 07F60E9A208F011800ACB524 /* AutoLabelCell.xib */; };
		07F60E9F209072BF00ACB524 /* AutoLabelExCell.swift in Sources */ = {isa = PBXBuildFile; fileRef = 07F60E9D209072BE00ACB524 /* AutoLabelExCell.swift */; };
		07F60EA0209072BF00ACB524 /* AutoLabelExCell.xib in Resources */ = {isa = PBXBuildFile; fileRef = 07F60E9E209072BE00ACB524 /* AutoLabelExCell.xib */; };
		07F60EA520907FB400ACB524 /* UpdateConstraintCell.swift in Sources */ = {isa = PBXBuildFile; fileRef = 07F60EA320907FB400ACB524 /* UpdateConstraintCell.swift */; };
		07F60EA620907FB400ACB524 /* UpdateConstraintCell.xib in Resources */ = {isa = PBXBuildFile; fileRef = 07F60EA420907FB400ACB524 /* UpdateConstraintCell.xib */; };
		07F60EA82091662300ACB524 /* DemoHeader.swift in Sources */ = {isa = PBXBuildFile; fileRef = 07F60EA72091662300ACB524 /* DemoHeader.swift */; };
		07F60EAA209166A400ACB524 /* DemoHeader.xib in Resources */ = {isa = PBXBuildFile; fileRef = 07F60EA9209166A300ACB524 /* DemoHeader.xib */; };
		07F60EAC20917EF900ACB524 /* CheatSheetListViewController.swift in Sources */ = {isa = PBXBuildFile; fileRef = 07F60EAB20917EF900ACB524 /* CheatSheetListViewController.swift */; };
/* End PBXBuildFile section */

/* Begin PBXContainerItemProxy section */
		07F03DA31FCBFBDB006F79C8 /* PBXContainerItemProxy */ = {
			isa = PBXContainerItemProxy;
			containerPortal = 07F03D861FCBFBDA006F79C8 /* Project object */;
			proxyType = 1;
			remoteGlobalIDString = 07F03D8D1FCBFBDA006F79C8;
			remoteInfo = Example;
		};
		07F03DAE1FCBFBDB006F79C8 /* PBXContainerItemProxy */ = {
			isa = PBXContainerItemProxy;
			containerPortal = 07F03D861FCBFBDA006F79C8 /* Project object */;
			proxyType = 1;
			remoteGlobalIDString = 07F03D8D1FCBFBDA006F79C8;
			remoteInfo = Example;
		};
/* End PBXContainerItemProxy section */

/* Begin PBXCopyFilesBuildPhase section */
		07F03DCF1FCBFD14006F79C8 /* Embed Frameworks */ = {
			isa = PBXCopyFilesBuildPhase;
			buildActionMask = 2147483647;
			dstPath = "";
			dstSubfolderSpec = 10;
			files = (
				0725BF0820170E7800DA1E3C /* SnapKit.framework in Embed Frameworks */,
				0728658B2008A74200C3C368 /* Alamofire.framework in Embed Frameworks */,
				0728658A2008A73D00C3C368 /* OHHTTPStubs.framework in Embed Frameworks */,
				0728657D2008A40C00C3C368 /* QuickSwift.framework in Embed Frameworks */,
			);
			name = "Embed Frameworks";
			runOnlyForDeploymentPostprocessing = 0;
		};
/* End PBXCopyFilesBuildPhase section */

/* Begin PBXFileReference section */
		070BF07A207A1D03005B4231 /* Base */ = {isa = PBXFileReference; lastKnownFileType = file.storyboard; name = Base; path = Base.lproj/AppDemos.storyboard; sourceTree = "<group>"; };
		070BF07D207A1D38005B4231 /* InfoPlistDemoViewController.swift */ = {isa = PBXFileReference; lastKnownFileType = sourcecode.swift; path = InfoPlistDemoViewController.swift; sourceTree = "<group>"; };
		070BF0EF207E00A6005B4231 /* RefreshTableViewController.swift */ = {isa = PBXFileReference; lastKnownFileType = sourcecode.swift; path = RefreshTableViewController.swift; sourceTree = "<group>"; };
		070BF0F4207F0A14005B4231 /* Requests.swift */ = {isa = PBXFileReference; lastKnownFileType = sourcecode.swift; path = Requests.swift; sourceTree = "<group>"; };
		07116C0E206A3AD300E00D7F /* Base */ = {isa = PBXFileReference; lastKnownFileType = file.storyboard; name = Base; path = Base.lproj/VCDemos.storyboard; sourceTree = "<group>"; };
		07116C11206A3AEC00E00D7F /* Base */ = {isa = PBXFileReference; lastKnownFileType = file.storyboard; name = Base; path = Base.lproj/NetworkingDemos.storyboard; sourceTree = "<group>"; };
		07116C14206A3AFC00E00D7F /* Base */ = {isa = PBXFileReference; lastKnownFileType = file.storyboard; name = Base; path = Base.lproj/TableDemos.storyboard; sourceTree = "<group>"; };
		07116C17206A3BAE00E00D7F /* BuiltInCellViewController.swift */ = {isa = PBXFileReference; fileEncoding = 4; lastKnownFileType = sourcecode.swift; path = BuiltInCellViewController.swift; sourceTree = "<group>"; };
		07116C18206A3BAE00E00D7F /* CellInsertDeleteDemoViewController.swift */ = {isa = PBXFileReference; fileEncoding = 4; lastKnownFileType = sourcecode.swift; path = CellInsertDeleteDemoViewController.swift; sourceTree = "<group>"; };
		07116C19206A3BAE00E00D7F /* AdapterCellViewController.swift */ = {isa = PBXFileReference; fileEncoding = 4; lastKnownFileType = sourcecode.swift; path = AdapterCellViewController.swift; sourceTree = "<group>"; };
		07116C1A206A3BAE00E00D7F /* SystemCellViewController.swift */ = {isa = PBXFileReference; fileEncoding = 4; lastKnownFileType = sourcecode.swift; path = SystemCellViewController.swift; sourceTree = "<group>"; };
		07116C1C206A3BAE00E00D7F /* NetworkingViewController.swift */ = {isa = PBXFileReference; fileEncoding = 4; lastKnownFileType = sourcecode.swift; path = NetworkingViewController.swift; sourceTree = "<group>"; };
		07116C1D206A3BAE00E00D7F /* IPAddressDemoViewController.swift */ = {isa = PBXFileReference; fileEncoding = 4; lastKnownFileType = sourcecode.swift; path = IPAddressDemoViewController.swift; sourceTree = "<group>"; };
		07116C1F206A3BAE00E00D7F /* PlainTableDemoViewController.swift */ = {isa = PBXFileReference; fileEncoding = 4; lastKnownFileType = sourcecode.swift; path = PlainTableDemoViewController.swift; sourceTree = "<group>"; };
		07116C20206A3BAE00E00D7F /* HeadersViewController.swift */ = {isa = PBXFileReference; fileEncoding = 4; lastKnownFileType = sourcecode.swift; path = HeadersViewController.swift; sourceTree = "<group>"; };
		07116C22206A3BAF00E00D7F /* FontTextStylesViewController.swift */ = {isa = PBXFileReference; fileEncoding = 4; lastKnownFileType = sourcecode.swift; path = FontTextStylesViewController.swift; sourceTree = "<group>"; };
		07116C23206A3BAF00E00D7F /* StatefulDemoViewController.swift */ = {isa = PBXFileReference; fileEncoding = 4; lastKnownFileType = sourcecode.swift; path = StatefulDemoViewController.swift; sourceTree = "<group>"; };
		07116C25206A3BAF00E00D7F /* NavigationBarDemoViewController.swift */ = {isa = PBXFileReference; fileEncoding = 4; lastKnownFileType = sourcecode.swift; path = NavigationBarDemoViewController.swift; sourceTree = "<group>"; };
		07116C26206A3BAF00E00D7F /* LifeCycleDemoViewController.swift */ = {isa = PBXFileReference; fileEncoding = 4; lastKnownFileType = sourcecode.swift; path = LifeCycleDemoViewController.swift; sourceTree = "<group>"; };
		07116C27206A3BAF00E00D7F /* TapActionDemoViewController.swift */ = {isa = PBXFileReference; fileEncoding = 4; lastKnownFileType = sourcecode.swift; path = TapActionDemoViewController.swift; sourceTree = "<group>"; };
		07116C28206A3BAF00E00D7F /* SegueDemoViewController.swift */ = {isa = PBXFileReference; fileEncoding = 4; lastKnownFileType = sourcecode.swift; path = SegueDemoViewController.swift; sourceTree = "<group>"; };
		07116C29206A3BAF00E00D7F /* NavigationBarSearchViewController.swift */ = {isa = PBXFileReference; fileEncoding = 4; lastKnownFileType = sourcecode.swift; path = NavigationBarSearchViewController.swift; sourceTree = "<group>"; };
		07116C39206B45F700E00D7F /* PlainTableHideBottomCellsViewController.swift */ = {isa = PBXFileReference; lastKnownFileType = sourcecode.swift; path = PlainTableHideBottomCellsViewController.swift; sourceTree = "<group>"; };
		0712AEB21FF5E15E0053A59F /* file.txt */ = {isa = PBXFileReference; fileEncoding = 4; lastKnownFileType = text; path = file.txt; sourceTree = "<group>"; };
		071D62922068D1B0005D0F9E /* Base */ = {isa = PBXFileReference; lastKnownFileType = file.storyboard; name = Base; path = Base.lproj/UIDemos.storyboard; sourceTree = "<group>"; };
		071D62992068DD34005D0F9E /* StatefulCell.swift */ = {isa = PBXFileReference; lastKnownFileType = sourcecode.swift; path = StatefulCell.swift; sourceTree = "<group>"; };
		071D629A2068DD34005D0F9E /* StatefulCell.xib */ = {isa = PBXFileReference; lastKnownFileType = file.xib; path = StatefulCell.xib; sourceTree = "<group>"; };
		071D629D2069E2B3005D0F9E /* StateLoadingView.swift */ = {isa = PBXFileReference; lastKnownFileType = sourcecode.swift; path = StateLoadingView.swift; sourceTree = "<group>"; };
		071D629F2069E2BB005D0F9E /* StateEmptyView.swift */ = {isa = PBXFileReference; lastKnownFileType = sourcecode.swift; path = StateEmptyView.swift; sourceTree = "<group>"; };
		071D62A12069E2C6005D0F9E /* StateFailView.swift */ = {isa = PBXFileReference; lastKnownFileType = sourcecode.swift; path = StateFailView.swift; sourceTree = "<group>"; };
		0725BF0620170E6F00DA1E3C /* SnapKit.framework */ = {isa = PBXFileReference; lastKnownFileType = wrapper.framework; name = SnapKit.framework; path = Example/Frameworks/SnapKit.framework; sourceTree = "<group>"; };
		072865862008A6DC00C3C368 /* Alamofire.framework */ = {isa = PBXFileReference; lastKnownFileType = wrapper.framework; name = Alamofire.framework; path = Example/Frameworks/Alamofire.framework; sourceTree = "<group>"; };
		072865872008A6DC00C3C368 /* OHHTTPStubs.framework */ = {isa = PBXFileReference; lastKnownFileType = wrapper.framework; name = OHHTTPStubs.framework; path = Example/Frameworks/OHHTTPStubs.framework; sourceTree = "<group>"; };
		0728658D2008AAD400C3C368 /* stub-students.json */ = {isa = PBXFileReference; fileEncoding = 4; lastKnownFileType = text.json; path = "stub-students.json"; sourceTree = "<group>"; };
		0756E47E20995F3D001D2C04 /* LinksViewController.swift */ = {isa = PBXFileReference; lastKnownFileType = sourcecode.swift; path = LinksViewController.swift; sourceTree = "<group>"; };
		0756E48020995F4B001D2C04 /* WebPageViewController.swift */ = {isa = PBXFileReference; lastKnownFileType = sourcecode.swift; path = WebPageViewController.swift; sourceTree = "<group>"; };
		075EE16120BFF1A300A2614E /* CustomSegue1ViewController.swift */ = {isa = PBXFileReference; lastKnownFileType = sourcecode.swift; path = CustomSegue1ViewController.swift; sourceTree = "<group>"; };
		075EE16320BFF2F800A2614E /* CrossFadeSegue.swift */ = {isa = PBXFileReference; lastKnownFileType = sourcecode.swift; path = CrossFadeSegue.swift; sourceTree = "<group>"; };
		075EE16520BFF32B00A2614E /* CustomSegue2ViewController.swift */ = {isa = PBXFileReference; lastKnownFileType = sourcecode.swift; path = CustomSegue2ViewController.swift; sourceTree = "<group>"; };
		075EE16720BFF33600A2614E /* CustomSegue3ViewController.swift */ = {isa = PBXFileReference; lastKnownFileType = sourcecode.swift; path = CustomSegue3ViewController.swift; sourceTree = "<group>"; };
		075EE16920C0F4DC00A2614E /* ScaleSegue.swift */ = {isa = PBXFileReference; lastKnownFileType = sourcecode.swift; path = ScaleSegue.swift; sourceTree = "<group>"; };
		075EE16B20C12F6C00A2614E /* VerticalSwipeSegue.swift */ = {isa = PBXFileReference; lastKnownFileType = sourcecode.swift; path = VerticalSwipeSegue.swift; sourceTree = "<group>"; };
		075EE16D20C12FF300A2614E /* CustomSegue4ViewController.swift */ = {isa = PBXFileReference; lastKnownFileType = sourcecode.swift; path = CustomSegue4ViewController.swift; sourceTree = "<group>"; };
		0784D47C2085FAD000CBC85B /* CellItemPattern1ViewController.swift */ = {isa = PBXFileReference; lastKnownFileType = sourcecode.swift; path = CellItemPattern1ViewController.swift; sourceTree = "<group>"; };
		0784D47E2085FADA00CBC85B /* CellItemPattern2ViewController.swift */ = {isa = PBXFileReference; lastKnownFileType = sourcecode.swift; path = CellItemPattern2ViewController.swift; sourceTree = "<group>"; };
		0784D4802085FAE300CBC85B /* CellItemPattern3ViewController.swift */ = {isa = PBXFileReference; lastKnownFileType = sourcecode.swift; path = CellItemPattern3ViewController.swift; sourceTree = "<group>"; };
		0784D4822085FBCF00CBC85B /* CellItemPattern4ViewController.swift */ = {isa = PBXFileReference; lastKnownFileType = sourcecode.swift; path = CellItemPattern4ViewController.swift; sourceTree = "<group>"; };
		0784D4842086D13200CBC85B /* CellItem1Cell.swift */ = {isa = PBXFileReference; lastKnownFileType = sourcecode.swift; path = CellItem1Cell.swift; sourceTree = "<group>"; };
		0784D4852086D13200CBC85B /* CellItem1Cell.xib */ = {isa = PBXFileReference; lastKnownFileType = file.xib; path = CellItem1Cell.xib; sourceTree = "<group>"; };
		0784D4882086D14000CBC85B /* CellItem2Cell.swift */ = {isa = PBXFileReference; lastKnownFileType = sourcecode.swift; path = CellItem2Cell.swift; sourceTree = "<group>"; };
		0784D4892086D14100CBC85B /* CellItem2Cell.xib */ = {isa = PBXFileReference; lastKnownFileType = file.xib; path = CellItem2Cell.xib; sourceTree = "<group>"; };
		0784D48C2086D15200CBC85B /* CellItem3Cell.swift */ = {isa = PBXFileReference; lastKnownFileType = sourcecode.swift; path = CellItem3Cell.swift; sourceTree = "<group>"; };
		0784D48D2086D15200CBC85B /* CellItem3Cell.xib */ = {isa = PBXFileReference; lastKnownFileType = file.xib; path = CellItem3Cell.xib; sourceTree = "<group>"; };
		0784D4902086E36F00CBC85B /* DemoCellItems.swift */ = {isa = PBXFileReference; lastKnownFileType = sourcecode.swift; path = DemoCellItems.swift; sourceTree = "<group>"; };
		0784D4922086E68A00CBC85B /* CellItemPattern5ViewController.swift */ = {isa = PBXFileReference; lastKnownFileType = sourcecode.swift; path = CellItemPattern5ViewController.swift; sourceTree = "<group>"; };
		078EE9542004945C00DF554C /* ExamplesViewController.swift */ = {isa = PBXFileReference; fileEncoding = 4; lastKnownFileType = sourcecode.swift; path = ExamplesViewController.swift; sourceTree = "<group>"; };
		07AE23D61FCEB04B00028BC4 /* QuickSwift.framework */ = {isa = PBXFileReference; explicitFileType = wrapper.framework; path = QuickSwift.framework; sourceTree = BUILT_PRODUCTS_DIR; };
		07D1489F201EC81A005F630A /* Consts.swift */ = {isa = PBXFileReference; lastKnownFileType = sourcecode.swift; path = Consts.swift; sourceTree = "<group>"; };
		07F03D8E1FCBFBDA006F79C8 /* Example.app */ = {isa = PBXFileReference; explicitFileType = wrapper.application; includeInIndex = 0; path = Example.app; sourceTree = BUILT_PRODUCTS_DIR; };
		07F03D911FCBFBDA006F79C8 /* AppDelegate.swift */ = {isa = PBXFileReference; lastKnownFileType = sourcecode.swift; path = AppDelegate.swift; sourceTree = "<group>"; };
		07F03D961FCBFBDA006F79C8 /* Base */ = {isa = PBXFileReference; lastKnownFileType = file.storyboard; name = Base; path = Base.lproj/Main.storyboard; sourceTree = "<group>"; };
		07F03D981FCBFBDA006F79C8 /* Assets.xcassets */ = {isa = PBXFileReference; lastKnownFileType = folder.assetcatalog; path = Assets.xcassets; sourceTree = "<group>"; };
		07F03D9B1FCBFBDA006F79C8 /* Base */ = {isa = PBXFileReference; lastKnownFileType = file.storyboard; name = Base; path = Base.lproj/LaunchScreen.storyboard; sourceTree = "<group>"; };
		07F03D9D1FCBFBDA006F79C8 /* Info.plist */ = {isa = PBXFileReference; lastKnownFileType = text.plist.xml; path = Info.plist; sourceTree = "<group>"; };
		07F03DA21FCBFBDB006F79C8 /* ExampleTests.xctest */ = {isa = PBXFileReference; explicitFileType = wrapper.cfbundle; includeInIndex = 0; path = ExampleTests.xctest; sourceTree = BUILT_PRODUCTS_DIR; };
		07F03DA61FCBFBDB006F79C8 /* ExampleTests.swift */ = {isa = PBXFileReference; lastKnownFileType = sourcecode.swift; path = ExampleTests.swift; sourceTree = "<group>"; };
		07F03DA81FCBFBDB006F79C8 /* Info.plist */ = {isa = PBXFileReference; lastKnownFileType = text.plist.xml; path = Info.plist; sourceTree = "<group>"; };
		07F03DAD1FCBFBDB006F79C8 /* ExampleUITests.xctest */ = {isa = PBXFileReference; explicitFileType = wrapper.cfbundle; includeInIndex = 0; path = ExampleUITests.xctest; sourceTree = BUILT_PRODUCTS_DIR; };
		07F03DB11FCBFBDB006F79C8 /* ExampleUITests.swift */ = {isa = PBXFileReference; lastKnownFileType = sourcecode.swift; path = ExampleUITests.swift; sourceTree = "<group>"; };
		07F03DB31FCBFBDB006F79C8 /* Info.plist */ = {isa = PBXFileReference; lastKnownFileType = text.plist.xml; path = Info.plist; sourceTree = "<group>"; };
		07F60E862088937300ACB524 /* Base */ = {isa = PBXFileReference; lastKnownFileType = file.storyboard; name = Base; path = Base.lproj/CheatSheet.storyboard; sourceTree = "<group>"; };
		07F60E89208893B900ACB524 /* Base */ = {isa = PBXFileReference; lastKnownFileType = file.storyboard; name = Base; path = Base.lproj/CellItemPattern.storyboard; sourceTree = "<group>"; };
		07F60E9120897C7700ACB524 /* CheatSheetViewController.swift */ = {isa = PBXFileReference; fileEncoding = 4; lastKnownFileType = sourcecode.swift; path = CheatSheetViewController.swift; sourceTree = "<group>"; };
		07F60E93208D856C00ACB524 /* AutoDimentionDemoViewController.swift */ = {isa = PBXFileReference; lastKnownFileType = sourcecode.swift; path = AutoDimentionDemoViewController.swift; sourceTree = "<group>"; };
		07F60E99208F011800ACB524 /* AutoLabelCell.swift */ = {isa = PBXFileReference; lastKnownFileType = sourcecode.swift; path = AutoLabelCell.swift; sourceTree = "<group>"; };
		07F60E9A208F011800ACB524 /* AutoLabelCell.xib */ = {isa = PBXFileReference; lastKnownFileType = file.xib; path = AutoLabelCell.xib; sourceTree = "<group>"; };
		07F60E9D209072BE00ACB524 /* AutoLabelExCell.swift */ = {isa = PBXFileReference; lastKnownFileType = sourcecode.swift; path = AutoLabelExCell.swift; sourceTree = "<group>"; };
		07F60E9E209072BE00ACB524 /* AutoLabelExCell.xib */ = {isa = PBXFileReference; lastKnownFileType = file.xib; path = AutoLabelExCell.xib; sourceTree = "<group>"; };
		07F60EA320907FB400ACB524 /* UpdateConstraintCell.swift */ = {isa = PBXFileReference; lastKnownFileType = sourcecode.swift; path = UpdateConstraintCell.swift; sourceTree = "<group>"; };
		07F60EA420907FB400ACB524 /* UpdateConstraintCell.xib */ = {isa = PBXFileReference; lastKnownFileType = file.xib; path = UpdateConstraintCell.xib; sourceTree = "<group>"; };
		07F60EA72091662300ACB524 /* DemoHeader.swift */ = {isa = PBXFileReference; lastKnownFileType = sourcecode.swift; path = DemoHeader.swift; sourceTree = "<group>"; };
		07F60EA9209166A300ACB524 /* DemoHeader.xib */ = {isa = PBXFileReference; fileEncoding = 4; lastKnownFileType = file.xib; path = DemoHeader.xib; sourceTree = "<group>"; };
		07F60EAB20917EF900ACB524 /* CheatSheetListViewController.swift */ = {isa = PBXFileReference; lastKnownFileType = sourcecode.swift; path = CheatSheetListViewController.swift; sourceTree = "<group>"; };
/* End PBXFileReference section */

/* Begin PBXFrameworksBuildPhase section */
		07F03D8B1FCBFBDA006F79C8 /* Frameworks */ = {
			isa = PBXFrameworksBuildPhase;
			buildActionMask = 2147483647;
			files = (
				072865892008A6DC00C3C368 /* OHHTTPStubs.framework in Frameworks */,
				07AE23D51FCEB04B00028BC4 /* QuickSwift.framework in Frameworks */,
				072865882008A6DC00C3C368 /* Alamofire.framework in Frameworks */,
				0725BF0720170E7000DA1E3C /* SnapKit.framework in Frameworks */,
			);
			runOnlyForDeploymentPostprocessing = 0;
		};
		07F03D9F1FCBFBDB006F79C8 /* Frameworks */ = {
			isa = PBXFrameworksBuildPhase;
			buildActionMask = 2147483647;
			files = (
			);
			runOnlyForDeploymentPostprocessing = 0;
		};
		07F03DAA1FCBFBDB006F79C8 /* Frameworks */ = {
			isa = PBXFrameworksBuildPhase;
			buildActionMask = 2147483647;
			files = (
			);
			runOnlyForDeploymentPostprocessing = 0;
		};
/* End PBXFrameworksBuildPhase section */

/* Begin PBXGroup section */
		070BF07C207A1D27005B4231 /* app */ = {
			isa = PBXGroup;
			children = (
				070BF07D207A1D38005B4231 /* InfoPlistDemoViewController.swift */,
			);
			path = app;
			sourceTree = "<group>";
		};
		070BF0F3207F0A09005B4231 /* Networking */ = {
			isa = PBXGroup;
			children = (
				070BF0F4207F0A14005B4231 /* Requests.swift */,
			);
			path = Networking;
			sourceTree = "<group>";
		};
		07116C16206A3BAE00E00D7F /* cell */ = {
			isa = PBXGroup;
			children = (
				07116C17206A3BAE00E00D7F /* BuiltInCellViewController.swift */,
				07116C18206A3BAE00E00D7F /* CellInsertDeleteDemoViewController.swift */,
				07116C19206A3BAE00E00D7F /* AdapterCellViewController.swift */,
				07116C1A206A3BAE00E00D7F /* SystemCellViewController.swift */,
			);
			path = cell;
			sourceTree = "<group>";
		};
		07116C1B206A3BAE00E00D7F /* networking */ = {
			isa = PBXGroup;
			children = (
				07116C1C206A3BAE00E00D7F /* NetworkingViewController.swift */,
				07116C1D206A3BAE00E00D7F /* IPAddressDemoViewController.swift */,
			);
			path = networking;
			sourceTree = "<group>";
		};
		07116C1E206A3BAE00E00D7F /* table */ = {
			isa = PBXGroup;
			children = (
				07116C1F206A3BAE00E00D7F /* PlainTableDemoViewController.swift */,
				07116C20206A3BAE00E00D7F /* HeadersViewController.swift */,
				07116C39206B45F700E00D7F /* PlainTableHideBottomCellsViewController.swift */,
				070BF0EF207E00A6005B4231 /* RefreshTableViewController.swift */,
				07F60E93208D856C00ACB524 /* AutoDimentionDemoViewController.swift */,
				07F60E99208F011800ACB524 /* AutoLabelCell.swift */,
				07F60E9A208F011800ACB524 /* AutoLabelCell.xib */,
				07F60E9D209072BE00ACB524 /* AutoLabelExCell.swift */,
				07F60E9E209072BE00ACB524 /* AutoLabelExCell.xib */,
				07F60EA320907FB400ACB524 /* UpdateConstraintCell.swift */,
				07F60EA420907FB400ACB524 /* UpdateConstraintCell.xib */,
				07F60EA72091662300ACB524 /* DemoHeader.swift */,
				07F60EA9209166A300ACB524 /* DemoHeader.xib */,
			);
			path = table;
			sourceTree = "<group>";
		};
		07116C21206A3BAF00E00D7F /* ui */ = {
			isa = PBXGroup;
			children = (
				07116C22206A3BAF00E00D7F /* FontTextStylesViewController.swift */,
				07116C23206A3BAF00E00D7F /* StatefulDemoViewController.swift */,
			);
			path = ui;
			sourceTree = "<group>";
		};
		07116C24206A3BAF00E00D7F /* vc */ = {
			isa = PBXGroup;
			children = (
				07116C25206A3BAF00E00D7F /* NavigationBarDemoViewController.swift */,
				07116C26206A3BAF00E00D7F /* LifeCycleDemoViewController.swift */,
				07116C27206A3BAF00E00D7F /* TapActionDemoViewController.swift */,
				07116C28206A3BAF00E00D7F /* SegueDemoViewController.swift */,
				07116C29206A3BAF00E00D7F /* NavigationBarSearchViewController.swift */,
				075EE16120BFF1A300A2614E /* CustomSegue1ViewController.swift */,
				075EE16520BFF32B00A2614E /* CustomSegue2ViewController.swift */,
				075EE16720BFF33600A2614E /* CustomSegue3ViewController.swift */,
				075EE16D20C12FF300A2614E /* CustomSegue4ViewController.swift */,
				075EE16320BFF2F800A2614E /* CrossFadeSegue.swift */,
				075EE16920C0F4DC00A2614E /* ScaleSegue.swift */,
				075EE16B20C12F6C00A2614E /* VerticalSwipeSegue.swift */,
			);
			path = vc;
			sourceTree = "<group>";
		};
		0712AEAA1FF5DFE10053A59F /* Resources */ = {
			isa = PBXGroup;
			children = (
				0728658C2008AAD400C3C368 /* jsons */,
				0712AEB11FF5E15E0053A59F /* files */,
			);
			path = Resources;
			sourceTree = "<group>";
		};
		0712AEB11FF5E15E0053A59F /* files */ = {
			isa = PBXGroup;
			children = (
				0712AEB21FF5E15E0053A59F /* file.txt */,
			);
			path = files;
			sourceTree = "<group>";
		};
		071D62982068DD1C005D0F9E /* Table */ = {
			isa = PBXGroup;
			children = (
				071D62992068DD34005D0F9E /* StatefulCell.swift */,
				071D629D2069E2B3005D0F9E /* StateLoadingView.swift */,
				071D629F2069E2BB005D0F9E /* StateEmptyView.swift */,
				071D62A12069E2C6005D0F9E /* StateFailView.swift */,
				071D629A2068DD34005D0F9E /* StatefulCell.xib */,
			);
			path = Table;
			sourceTree = "<group>";
		};
		0728658C2008AAD400C3C368 /* jsons */ = {
			isa = PBXGroup;
			children = (
				0728658D2008AAD400C3C368 /* stub-students.json */,
			);
			path = jsons;
			sourceTree = "<group>";
		};
		0784D4792085FA7400CBC85B /* CellItemPattern */ = {
			isa = PBXGroup;
			children = (
				0784D47C2085FAD000CBC85B /* CellItemPattern1ViewController.swift */,
				0784D47E2085FADA00CBC85B /* CellItemPattern2ViewController.swift */,
				0784D4802085FAE300CBC85B /* CellItemPattern3ViewController.swift */,
				0784D4822085FBCF00CBC85B /* CellItemPattern4ViewController.swift */,
				0784D4922086E68A00CBC85B /* CellItemPattern5ViewController.swift */,
				0784D4902086E36F00CBC85B /* DemoCellItems.swift */,
				0784D4842086D13200CBC85B /* CellItem1Cell.swift */,
				0784D4852086D13200CBC85B /* CellItem1Cell.xib */,
				0784D4882086D14000CBC85B /* CellItem2Cell.swift */,
				0784D4892086D14100CBC85B /* CellItem2Cell.xib */,
				0784D48C2086D15200CBC85B /* CellItem3Cell.swift */,
				0784D48D2086D15200CBC85B /* CellItem3Cell.xib */,
			);
			path = CellItemPattern;
			sourceTree = "<group>";
		};
		078EE9532004945C00DF554C /* ViewControllers */ = {
			isa = PBXGroup;
			children = (
				078EE9542004945C00DF554C /* ExamplesViewController.swift */,
				070BF07C207A1D27005B4231 /* app */,
				07116C16206A3BAE00E00D7F /* cell */,
				07116C1B206A3BAE00E00D7F /* networking */,
				07116C1E206A3BAE00E00D7F /* table */,
				07116C21206A3BAF00E00D7F /* ui */,
				07116C24206A3BAF00E00D7F /* vc */,
			);
			path = ViewControllers;
			sourceTree = "<group>";
		};
		07F03D851FCBFBDA006F79C8 = {
			isa = PBXGroup;
			children = (
				07F03D901FCBFBDA006F79C8 /* Example */,
				07F03DA51FCBFBDB006F79C8 /* ExampleTests */,
				07F03DB01FCBFBDB006F79C8 /* ExampleUITests */,
				07F03D8F1FCBFBDA006F79C8 /* Products */,
				07F03DC91FCBFCF8006F79C8 /* Frameworks */,
			);
			sourceTree = "<group>";
		};
		07F03D8F1FCBFBDA006F79C8 /* Products */ = {
			isa = PBXGroup;
			children = (
				07F03D8E1FCBFBDA006F79C8 /* Example.app */,
				07F03DA21FCBFBDB006F79C8 /* ExampleTests.xctest */,
				07F03DAD1FCBFBDB006F79C8 /* ExampleUITests.xctest */,
			);
			name = Products;
			sourceTree = "<group>";
		};
		07F03D901FCBFBDA006F79C8 /* Example */ = {
			isa = PBXGroup;
			children = (
				07F03D911FCBFBDA006F79C8 /* AppDelegate.swift */,
				07D1489F201EC81A005F630A /* Consts.swift */,
				07F60E9020897C7700ACB524 /* CheatSheet */,
				070BF0F3207F0A09005B4231 /* Networking */,
				0784D4792085FA7400CBC85B /* CellItemPattern */,
				071D62982068DD1C005D0F9E /* Table */,
				078EE9532004945C00DF554C /* ViewControllers */,
				07F03D951FCBFBDA006F79C8 /* Main.storyboard */,
				071D62912068D1B0005D0F9E /* UIDemos.storyboard */,
				070BF079207A1D03005B4231 /* AppDemos.storyboard */,
				07116C0D206A3AD300E00D7F /* VCDemos.storyboard */,
				07116C10206A3AEC00E00D7F /* NetworkingDemos.storyboard */,
				07116C13206A3AFC00E00D7F /* TableDemos.storyboard */,
				07F60E852088937300ACB524 /* CheatSheet.storyboard */,
				07F03D9A1FCBFBDA006F79C8 /* LaunchScreen.storyboard */,
				07F60E88208893B900ACB524 /* CellItemPattern.storyboard */,
				07F03D981FCBFBDA006F79C8 /* Assets.xcassets */,
				07F03D9D1FCBFBDA006F79C8 /* Info.plist */,
				0712AEAA1FF5DFE10053A59F /* Resources */,
			);
			path = Example;
			sourceTree = "<group>";
		};
		07F03DA51FCBFBDB006F79C8 /* ExampleTests */ = {
			isa = PBXGroup;
			children = (
				07F03DA61FCBFBDB006F79C8 /* ExampleTests.swift */,
				07F03DA81FCBFBDB006F79C8 /* Info.plist */,
			);
			path = ExampleTests;
			sourceTree = "<group>";
		};
		07F03DB01FCBFBDB006F79C8 /* ExampleUITests */ = {
			isa = PBXGroup;
			children = (
				07F03DB11FCBFBDB006F79C8 /* ExampleUITests.swift */,
				07F03DB31FCBFBDB006F79C8 /* Info.plist */,
			);
			path = ExampleUITests;
			sourceTree = "<group>";
		};
		07F03DC91FCBFCF8006F79C8 /* Frameworks */ = {
			isa = PBXGroup;
			children = (
				0725BF0620170E6F00DA1E3C /* SnapKit.framework */,
				072865862008A6DC00C3C368 /* Alamofire.framework */,
				072865872008A6DC00C3C368 /* OHHTTPStubs.framework */,
				07AE23D61FCEB04B00028BC4 /* QuickSwift.framework */,
			);
			name = Frameworks;
			sourceTree = "<group>";
		};
		07F60E9020897C7700ACB524 /* CheatSheet */ = {
			isa = PBXGroup;
			children = (
				07F60E9120897C7700ACB524 /* CheatSheetViewController.swift */,
				07F60EAB20917EF900ACB524 /* CheatSheetListViewController.swift */,
				0756E47E20995F3D001D2C04 /* LinksViewController.swift */,
				0756E48020995F4B001D2C04 /* WebPageViewController.swift */,
			);
			path = CheatSheet;
			sourceTree = "<group>";
		};
/* End PBXGroup section */

/* Begin PBXNativeTarget section */
		07F03D8D1FCBFBDA006F79C8 /* Example */ = {
			isa = PBXNativeTarget;
			buildConfigurationList = 07F03DB61FCBFBDB006F79C8 /* Build configuration list for PBXNativeTarget "Example" */;
			buildPhases = (
				07F03D8A1FCBFBDA006F79C8 /* Sources */,
				07F03D8B1FCBFBDA006F79C8 /* Frameworks */,
				07F03D8C1FCBFBDA006F79C8 /* Resources */,
				07F03DCF1FCBFD14006F79C8 /* Embed Frameworks */,
			);
			buildRules = (
			);
			dependencies = (
			);
			name = Example;
			productName = Example;
			productReference = 07F03D8E1FCBFBDA006F79C8 /* Example.app */;
			productType = "com.apple.product-type.application";
		};
		07F03DA11FCBFBDB006F79C8 /* ExampleTests */ = {
			isa = PBXNativeTarget;
			buildConfigurationList = 07F03DB91FCBFBDB006F79C8 /* Build configuration list for PBXNativeTarget "ExampleTests" */;
			buildPhases = (
				07F03D9E1FCBFBDB006F79C8 /* Sources */,
				07F03D9F1FCBFBDB006F79C8 /* Frameworks */,
				07F03DA01FCBFBDB006F79C8 /* Resources */,
			);
			buildRules = (
			);
			dependencies = (
				07F03DA41FCBFBDB006F79C8 /* PBXTargetDependency */,
			);
			name = ExampleTests;
			productName = ExampleTests;
			productReference = 07F03DA21FCBFBDB006F79C8 /* ExampleTests.xctest */;
			productType = "com.apple.product-type.bundle.unit-test";
		};
		07F03DAC1FCBFBDB006F79C8 /* ExampleUITests */ = {
			isa = PBXNativeTarget;
			buildConfigurationList = 07F03DBC1FCBFBDB006F79C8 /* Build configuration list for PBXNativeTarget "ExampleUITests" */;
			buildPhases = (
				07F03DA91FCBFBDB006F79C8 /* Sources */,
				07F03DAA1FCBFBDB006F79C8 /* Frameworks */,
				07F03DAB1FCBFBDB006F79C8 /* Resources */,
			);
			buildRules = (
			);
			dependencies = (
				07F03DAF1FCBFBDB006F79C8 /* PBXTargetDependency */,
			);
			name = ExampleUITests;
			productName = ExampleUITests;
			productReference = 07F03DAD1FCBFBDB006F79C8 /* ExampleUITests.xctest */;
			productType = "com.apple.product-type.bundle.ui-testing";
		};
/* End PBXNativeTarget section */

/* Begin PBXProject section */
		07F03D861FCBFBDA006F79C8 /* Project object */ = {
			isa = PBXProject;
			attributes = {
				LastSwiftUpdateCheck = 0910;
				LastUpgradeCheck = 0930;
				ORGANIZATIONNAME = LuckyTR;
				TargetAttributes = {
					07F03D8D1FCBFBDA006F79C8 = {
						CreatedOnToolsVersion = 9.1;
						ProvisioningStyle = Automatic;
					};
					07F03DA11FCBFBDB006F79C8 = {
						CreatedOnToolsVersion = 9.1;
						ProvisioningStyle = Automatic;
						TestTargetID = 07F03D8D1FCBFBDA006F79C8;
					};
					07F03DAC1FCBFBDB006F79C8 = {
						CreatedOnToolsVersion = 9.1;
						ProvisioningStyle = Automatic;
						TestTargetID = 07F03D8D1FCBFBDA006F79C8;
					};
				};
			};
			buildConfigurationList = 07F03D891FCBFBDA006F79C8 /* Build configuration list for PBXProject "Example" */;
			compatibilityVersion = "Xcode 8.0";
			developmentRegion = en;
			hasScannedForEncodings = 0;
			knownRegions = (
				en,
				Base,
			);
			mainGroup = 07F03D851FCBFBDA006F79C8;
			productRefGroup = 07F03D8F1FCBFBDA006F79C8 /* Products */;
			projectDirPath = "";
			projectRoot = "";
			targets = (
				07F03D8D1FCBFBDA006F79C8 /* Example */,
				07F03DA11FCBFBDB006F79C8 /* ExampleTests */,
				07F03DAC1FCBFBDB006F79C8 /* ExampleUITests */,
			);
		};
/* End PBXProject section */

/* Begin PBXResourcesBuildPhase section */
		07F03D8C1FCBFBDA006F79C8 /* Resources */ = {
			isa = PBXResourcesBuildPhase;
			buildActionMask = 2147483647;
			files = (
				0784D4872086D13200CBC85B /* CellItem1Cell.xib in Resources */,
				07F60EAA209166A400ACB524 /* DemoHeader.xib in Resources */,
				07F03D9C1FCBFBDA006F79C8 /* LaunchScreen.storyboard in Resources */,
				07F60EA0209072BF00ACB524 /* AutoLabelExCell.xib in Resources */,
				0728658E2008AAD400C3C368 /* stub-students.json in Resources */,
				07116C0F206A3AD300E00D7F /* VCDemos.storyboard in Resources */,
				0784D48F2086D15200CBC85B /* CellItem3Cell.xib in Resources */,
				07F03D991FCBFBDA006F79C8 /* Assets.xcassets in Resources */,
				070BF07B207A1D03005B4231 /* AppDemos.storyboard in Resources */,
				07F60EA620907FB400ACB524 /* UpdateConstraintCell.xib in Resources */,
				071D62932068D1B0005D0F9E /* UIDemos.storyboard in Resources */,
				0712AEB31FF5E15E0053A59F /* file.txt in Resources */,
				07F60E872088937300ACB524 /* CheatSheet.storyboard in Resources */,
				07F03D971FCBFBDA006F79C8 /* Main.storyboard in Resources */,
				07116C12206A3AEC00E00D7F /* NetworkingDemos.storyboard in Resources */,
				07116C15206A3AFC00E00D7F /* TableDemos.storyboard in Resources */,
				071D629C2068DD34005D0F9E /* StatefulCell.xib in Resources */,
				07F60E8A208893BA00ACB524 /* CellItemPattern.storyboard in Resources */,
				07F60E9C208F011800ACB524 /* AutoLabelCell.xib in Resources */,
				0784D48B2086D14100CBC85B /* CellItem2Cell.xib in Resources */,
			);
			runOnlyForDeploymentPostprocessing = 0;
		};
		07F03DA01FCBFBDB006F79C8 /* Resources */ = {
			isa = PBXResourcesBuildPhase;
			buildActionMask = 2147483647;
			files = (
			);
			runOnlyForDeploymentPostprocessing = 0;
		};
		07F03DAB1FCBFBDB006F79C8 /* Resources */ = {
			isa = PBXResourcesBuildPhase;
			buildActionMask = 2147483647;
			files = (
			);
			runOnlyForDeploymentPostprocessing = 0;
		};
/* End PBXResourcesBuildPhase section */

/* Begin PBXSourcesBuildPhase section */
		07F03D8A1FCBFBDA006F79C8 /* Sources */ = {
			isa = PBXSourcesBuildPhase;
			buildActionMask = 2147483647;
			files = (
				07F60E94208D856C00ACB524 /* AutoDimentionDemoViewController.swift in Sources */,
				075EE16E20C12FF300A2614E /* CustomSegue4ViewController.swift in Sources */,
				070BF0F0207E00A6005B4231 /* RefreshTableViewController.swift in Sources */,
				07116C3A206B45F800E00D7F /* PlainTableHideBottomCellsViewController.swift in Sources */,
				07116C2A206A3BAF00E00D7F /* BuiltInCellViewController.swift in Sources */,
				075EE16620BFF32B00A2614E /* CustomSegue2ViewController.swift in Sources */,
				07D148A0201EC81A005F630A /* Consts.swift in Sources */,
				071D62A22069E2C6005D0F9E /* StateFailView.swift in Sources */,
				0784D4912086E36F00CBC85B /* DemoCellItems.swift in Sources */,
				071D629E2069E2B3005D0F9E /* StateLoadingView.swift in Sources */,
				075EE16A20C0F4DC00A2614E /* ScaleSegue.swift in Sources */,
				071D62A02069E2BB005D0F9E /* StateEmptyView.swift in Sources */,
				071D629B2068DD34005D0F9E /* StatefulCell.swift in Sources */,
				07116C2F206A3BAF00E00D7F /* IPAddressDemoViewController.swift in Sources */,
				07116C30206A3BAF00E00D7F /* PlainTableDemoViewController.swift in Sources */,
				075EE16420BFF2F800A2614E /* CrossFadeSegue.swift in Sources */,
				07116C2C206A3BAF00E00D7F /* AdapterCellViewController.swift in Sources */,
				07116C34206A3BAF00E00D7F /* NavigationBarDemoViewController.swift in Sources */,
				0756E47F20995F3D001D2C04 /* LinksViewController.swift in Sources */,
				07F60EA520907FB400ACB524 /* UpdateConstraintCell.swift in Sources */,
				075EE16820BFF33600A2614E /* CustomSegue3ViewController.swift in Sources */,
				07F03D921FCBFBDA006F79C8 /* AppDelegate.swift in Sources */,
				0784D47F2085FADA00CBC85B /* CellItemPattern2ViewController.swift in Sources */,
				0784D4812085FAE300CBC85B /* CellItemPattern3ViewController.swift in Sources */,
				0784D48A2086D14100CBC85B /* CellItem2Cell.swift in Sources */,
				0756E48120995F4B001D2C04 /* WebPageViewController.swift in Sources */,
				07116C31206A3BAF00E00D7F /* HeadersViewController.swift in Sources */,
				075EE16220BFF1A300A2614E /* CustomSegue1ViewController.swift in Sources */,
				0784D47D2085FAD000CBC85B /* CellItemPattern1ViewController.swift in Sources */,
				07116C38206A3BAF00E00D7F /* NavigationBarSearchViewController.swift in Sources */,
				0784D48E2086D15200CBC85B /* CellItem3Cell.swift in Sources */,
				07116C2E206A3BAF00E00D7F /* NetworkingViewController.swift in Sources */,
				07116C32206A3BAF00E00D7F /* FontTextStylesViewController.swift in Sources */,
				070BF0F5207F0A14005B4231 /* Requests.swift in Sources */,
				0784D4832085FBCF00CBC85B /* CellItemPattern4ViewController.swift in Sources */,
				070BF07E207A1D38005B4231 /* InfoPlistDemoViewController.swift in Sources */,
				07F60E9F209072BF00ACB524 /* AutoLabelExCell.swift in Sources */,
				075EE16C20C12F6C00A2614E /* VerticalSwipeSegue.swift in Sources */,
				07F60E9220897C7700ACB524 /* CheatSheetViewController.swift in Sources */,
				07116C2B206A3BAF00E00D7F /* CellInsertDeleteDemoViewController.swift in Sources */,
				078EE9552004945C00DF554C /* ExamplesViewController.swift in Sources */,
				07F60EAC20917EF900ACB524 /* CheatSheetListViewController.swift in Sources */,
				0784D4862086D13200CBC85B /* CellItem1Cell.swift in Sources */,
				0784D4932086E68A00CBC85B /* CellItemPattern5ViewController.swift in Sources */,
				07116C33206A3BAF00E00D7F /* StatefulDemoViewController.swift in Sources */,
				07116C36206A3BAF00E00D7F /* TapActionDemoViewController.swift in Sources */,
				07116C37206A3BAF00E00D7F /* SegueDemoViewController.swift in Sources */,
				07116C35206A3BAF00E00D7F /* LifeCycleDemoViewController.swift in Sources */,
				07116C2D206A3BAF00E00D7F /* SystemCellViewController.swift in Sources */,
				07F60EA82091662300ACB524 /* DemoHeader.swift in Sources */,
				07F60E9B208F011800ACB524 /* AutoLabelCell.swift in Sources */,
			);
			runOnlyForDeploymentPostprocessing = 0;
		};
		07F03D9E1FCBFBDB006F79C8 /* Sources */ = {
			isa = PBXSourcesBuildPhase;
			buildActionMask = 2147483647;
			files = (
				07F03DA71FCBFBDB006F79C8 /* ExampleTests.swift in Sources */,
			);
			runOnlyForDeploymentPostprocessing = 0;
		};
		07F03DA91FCBFBDB006F79C8 /* Sources */ = {
			isa = PBXSourcesBuildPhase;
			buildActionMask = 2147483647;
			files = (
				07F03DB21FCBFBDB006F79C8 /* ExampleUITests.swift in Sources */,
			);
			runOnlyForDeploymentPostprocessing = 0;
		};
/* End PBXSourcesBuildPhase section */

/* Begin PBXTargetDependency section */
		07F03DA41FCBFBDB006F79C8 /* PBXTargetDependency */ = {
			isa = PBXTargetDependency;
			target = 07F03D8D1FCBFBDA006F79C8 /* Example */;
			targetProxy = 07F03DA31FCBFBDB006F79C8 /* PBXContainerItemProxy */;
		};
		07F03DAF1FCBFBDB006F79C8 /* PBXTargetDependency */ = {
			isa = PBXTargetDependency;
			target = 07F03D8D1FCBFBDA006F79C8 /* Example */;
			targetProxy = 07F03DAE1FCBFBDB006F79C8 /* PBXContainerItemProxy */;
		};
/* End PBXTargetDependency section */

/* Begin PBXVariantGroup section */
		070BF079207A1D03005B4231 /* AppDemos.storyboard */ = {
			isa = PBXVariantGroup;
			children = (
				070BF07A207A1D03005B4231 /* Base */,
			);
			name = AppDemos.storyboard;
			sourceTree = "<group>";
		};
		07116C0D206A3AD300E00D7F /* VCDemos.storyboard */ = {
			isa = PBXVariantGroup;
			children = (
				07116C0E206A3AD300E00D7F /* Base */,
			);
			name = VCDemos.storyboard;
			sourceTree = "<group>";
		};
		07116C10206A3AEC00E00D7F /* NetworkingDemos.storyboard */ = {
			isa = PBXVariantGroup;
			children = (
				07116C11206A3AEC00E00D7F /* Base */,
			);
			name = NetworkingDemos.storyboard;
			sourceTree = "<group>";
		};
		07116C13206A3AFC00E00D7F /* TableDemos.storyboard */ = {
			isa = PBXVariantGroup;
			children = (
				07116C14206A3AFC00E00D7F /* Base */,
			);
			name = TableDemos.storyboard;
			sourceTree = "<group>";
		};
		071D62912068D1B0005D0F9E /* UIDemos.storyboard */ = {
			isa = PBXVariantGroup;
			children = (
				071D62922068D1B0005D0F9E /* Base */,
			);
			name = UIDemos.storyboard;
			sourceTree = "<group>";
		};
		07F03D951FCBFBDA006F79C8 /* Main.storyboard */ = {
			isa = PBXVariantGroup;
			children = (
				07F03D961FCBFBDA006F79C8 /* Base */,
			);
			name = Main.storyboard;
			sourceTree = "<group>";
		};
		07F03D9A1FCBFBDA006F79C8 /* LaunchScreen.storyboard */ = {
			isa = PBXVariantGroup;
			children = (
				07F03D9B1FCBFBDA006F79C8 /* Base */,
			);
			name = LaunchScreen.storyboard;
			sourceTree = "<group>";
		};
		07F60E852088937300ACB524 /* CheatSheet.storyboard */ = {
			isa = PBXVariantGroup;
			children = (
				07F60E862088937300ACB524 /* Base */,
			);
			name = CheatSheet.storyboard;
			sourceTree = "<group>";
		};
		07F60E88208893B900ACB524 /* CellItemPattern.storyboard */ = {
			isa = PBXVariantGroup;
			children = (
				07F60E89208893B900ACB524 /* Base */,
			);
			name = CellItemPattern.storyboard;
			sourceTree = "<group>";
		};
/* End PBXVariantGroup section */

/* Begin XCBuildConfiguration section */
		07F03DB41FCBFBDB006F79C8 /* Debug */ = {
			isa = XCBuildConfiguration;
			buildSettings = {
				ALWAYS_SEARCH_USER_PATHS = NO;
				CLANG_ANALYZER_NONNULL = YES;
				CLANG_ANALYZER_NUMBER_OBJECT_CONVERSION = YES_AGGRESSIVE;
				CLANG_CXX_LANGUAGE_STANDARD = "gnu++14";
				CLANG_CXX_LIBRARY = "libc++";
				CLANG_ENABLE_MODULES = YES;
				CLANG_ENABLE_OBJC_ARC = YES;
				CLANG_WARN_BLOCK_CAPTURE_AUTORELEASING = YES;
				CLANG_WARN_BOOL_CONVERSION = YES;
				CLANG_WARN_COMMA = YES;
				CLANG_WARN_CONSTANT_CONVERSION = YES;
				CLANG_WARN_DEPRECATED_OBJC_IMPLEMENTATIONS = YES;
				CLANG_WARN_DIRECT_OBJC_ISA_USAGE = YES_ERROR;
				CLANG_WARN_DOCUMENTATION_COMMENTS = YES;
				CLANG_WARN_EMPTY_BODY = YES;
				CLANG_WARN_ENUM_CONVERSION = YES;
				CLANG_WARN_INFINITE_RECURSION = YES;
				CLANG_WARN_INT_CONVERSION = YES;
				CLANG_WARN_NON_LITERAL_NULL_CONVERSION = YES;
				CLANG_WARN_OBJC_IMPLICIT_RETAIN_SELF = YES;
				CLANG_WARN_OBJC_LITERAL_CONVERSION = YES;
				CLANG_WARN_OBJC_ROOT_CLASS = YES_ERROR;
				CLANG_WARN_RANGE_LOOP_ANALYSIS = YES;
				CLANG_WARN_STRICT_PROTOTYPES = YES;
				CLANG_WARN_SUSPICIOUS_MOVE = YES;
				CLANG_WARN_UNGUARDED_AVAILABILITY = YES_AGGRESSIVE;
				CLANG_WARN_UNREACHABLE_CODE = YES;
				CLANG_WARN__DUPLICATE_METHOD_MATCH = YES;
				CODE_SIGN_IDENTITY = "iPhone Developer";
				COPY_PHASE_STRIP = NO;
				DEBUG_INFORMATION_FORMAT = dwarf;
				ENABLE_STRICT_OBJC_MSGSEND = YES;
				ENABLE_TESTABILITY = YES;
				GCC_C_LANGUAGE_STANDARD = gnu11;
				GCC_DYNAMIC_NO_PIC = NO;
				GCC_NO_COMMON_BLOCKS = YES;
				GCC_OPTIMIZATION_LEVEL = 0;
				GCC_PREPROCESSOR_DEFINITIONS = (
					"DEBUG=1",
					"$(inherited)",
				);
				GCC_WARN_64_TO_32_BIT_CONVERSION = YES;
				GCC_WARN_ABOUT_RETURN_TYPE = YES_ERROR;
				GCC_WARN_UNDECLARED_SELECTOR = YES;
				GCC_WARN_UNINITIALIZED_AUTOS = YES_AGGRESSIVE;
				GCC_WARN_UNUSED_FUNCTION = YES;
				GCC_WARN_UNUSED_VARIABLE = YES;
				IPHONEOS_DEPLOYMENT_TARGET = 11.0;
				MTL_ENABLE_DEBUG_INFO = YES;
				ONLY_ACTIVE_ARCH = YES;
				SDKROOT = iphoneos;
				SWIFT_ACTIVE_COMPILATION_CONDITIONS = DEBUG;
				SWIFT_OPTIMIZATION_LEVEL = "-Onone";
			};
			name = Debug;
		};
		07F03DB51FCBFBDB006F79C8 /* Release */ = {
			isa = XCBuildConfiguration;
			buildSettings = {
				ALWAYS_SEARCH_USER_PATHS = NO;
				CLANG_ANALYZER_NONNULL = YES;
				CLANG_ANALYZER_NUMBER_OBJECT_CONVERSION = YES_AGGRESSIVE;
				CLANG_CXX_LANGUAGE_STANDARD = "gnu++14";
				CLANG_CXX_LIBRARY = "libc++";
				CLANG_ENABLE_MODULES = YES;
				CLANG_ENABLE_OBJC_ARC = YES;
				CLANG_WARN_BLOCK_CAPTURE_AUTORELEASING = YES;
				CLANG_WARN_BOOL_CONVERSION = YES;
				CLANG_WARN_COMMA = YES;
				CLANG_WARN_CONSTANT_CONVERSION = YES;
				CLANG_WARN_DEPRECATED_OBJC_IMPLEMENTATIONS = YES;
				CLANG_WARN_DIRECT_OBJC_ISA_USAGE = YES_ERROR;
				CLANG_WARN_DOCUMENTATION_COMMENTS = YES;
				CLANG_WARN_EMPTY_BODY = YES;
				CLANG_WARN_ENUM_CONVERSION = YES;
				CLANG_WARN_INFINITE_RECURSION = YES;
				CLANG_WARN_INT_CONVERSION = YES;
				CLANG_WARN_NON_LITERAL_NULL_CONVERSION = YES;
				CLANG_WARN_OBJC_IMPLICIT_RETAIN_SELF = YES;
				CLANG_WARN_OBJC_LITERAL_CONVERSION = YES;
				CLANG_WARN_OBJC_ROOT_CLASS = YES_ERROR;
				CLANG_WARN_RANGE_LOOP_ANALYSIS = YES;
				CLANG_WARN_STRICT_PROTOTYPES = YES;
				CLANG_WARN_SUSPICIOUS_MOVE = YES;
				CLANG_WARN_UNGUARDED_AVAILABILITY = YES_AGGRESSIVE;
				CLANG_WARN_UNREACHABLE_CODE = YES;
				CLANG_WARN__DUPLICATE_METHOD_MATCH = YES;
				CODE_SIGN_IDENTITY = "iPhone Developer";
				COPY_PHASE_STRIP = NO;
				DEBUG_INFORMATION_FORMAT = "dwarf-with-dsym";
				ENABLE_NS_ASSERTIONS = NO;
				ENABLE_STRICT_OBJC_MSGSEND = YES;
				GCC_C_LANGUAGE_STANDARD = gnu11;
				GCC_NO_COMMON_BLOCKS = YES;
				GCC_WARN_64_TO_32_BIT_CONVERSION = YES;
				GCC_WARN_ABOUT_RETURN_TYPE = YES_ERROR;
				GCC_WARN_UNDECLARED_SELECTOR = YES;
				GCC_WARN_UNINITIALIZED_AUTOS = YES_AGGRESSIVE;
				GCC_WARN_UNUSED_FUNCTION = YES;
				GCC_WARN_UNUSED_VARIABLE = YES;
				IPHONEOS_DEPLOYMENT_TARGET = 11.0;
				MTL_ENABLE_DEBUG_INFO = NO;
				SDKROOT = iphoneos;
				SWIFT_OPTIMIZATION_LEVEL = "-Owholemodule";
				VALIDATE_PRODUCT = YES;
			};
			name = Release;
		};
		07F03DB71FCBFBDB006F79C8 /* Debug */ = {
			isa = XCBuildConfiguration;
			buildSettings = {
				ASSETCATALOG_COMPILER_APPICON_NAME = AppIcon;
				CODE_SIGN_STYLE = Automatic;
				DEVELOPMENT_TEAM = ENF6RU9UQS;
				FRAMEWORK_SEARCH_PATHS = (
					"$(inherited)",
					"$(PROJECT_DIR)/Example/Frameworks",
				);
				INFOPLIST_FILE = Example/Info.plist;
				IPHONEOS_DEPLOYMENT_TARGET = 11.0;
				LD_RUNPATH_SEARCH_PATHS = "$(inherited) @executable_path/Frameworks";
				PRODUCT_BUNDLE_IDENTIFIER = com.luckytr.Example;
				PRODUCT_NAME = "$(TARGET_NAME)";
				SWIFT_VERSION = 4.0;
				TARGETED_DEVICE_FAMILY = "1,2";
			};
			name = Debug;
		};
		07F03DB81FCBFBDB006F79C8 /* Release */ = {
			isa = XCBuildConfiguration;
			buildSettings = {
				ASSETCATALOG_COMPILER_APPICON_NAME = AppIcon;
				CODE_SIGN_STYLE = Automatic;
				DEVELOPMENT_TEAM = ENF6RU9UQS;
				FRAMEWORK_SEARCH_PATHS = (
					"$(inherited)",
					"$(PROJECT_DIR)/Example/Frameworks",
				);
				INFOPLIST_FILE = Example/Info.plist;
				IPHONEOS_DEPLOYMENT_TARGET = 11.0;
				LD_RUNPATH_SEARCH_PATHS = "$(inherited) @executable_path/Frameworks";
				PRODUCT_BUNDLE_IDENTIFIER = com.luckytr.Example;
				PRODUCT_NAME = "$(TARGET_NAME)";
				SWIFT_VERSION = 4.0;
				TARGETED_DEVICE_FAMILY = "1,2";
			};
			name = Release;
		};
		07F03DBA1FCBFBDB006F79C8 /* Debug */ = {
			isa = XCBuildConfiguration;
			buildSettings = {
				ALWAYS_EMBED_SWIFT_STANDARD_LIBRARIES = YES;
				BUNDLE_LOADER = "$(TEST_HOST)";
				CODE_SIGN_STYLE = Automatic;
				DEVELOPMENT_TEAM = ENF6RU9UQS;
				INFOPLIST_FILE = ExampleTests/Info.plist;
				LD_RUNPATH_SEARCH_PATHS = "$(inherited) @executable_path/Frameworks @loader_path/Frameworks";
				PRODUCT_BUNDLE_IDENTIFIER = com.luckytr.ExampleTests;
				PRODUCT_NAME = "$(TARGET_NAME)";
				SWIFT_VERSION = 4.0;
				TARGETED_DEVICE_FAMILY = "1,2";
				TEST_HOST = "$(BUILT_PRODUCTS_DIR)/Example.app/Example";
			};
			name = Debug;
		};
		07F03DBB1FCBFBDB006F79C8 /* Release */ = {
			isa = XCBuildConfiguration;
			buildSettings = {
				ALWAYS_EMBED_SWIFT_STANDARD_LIBRARIES = YES;
				BUNDLE_LOADER = "$(TEST_HOST)";
				CODE_SIGN_STYLE = Automatic;
				DEVELOPMENT_TEAM = ENF6RU9UQS;
				INFOPLIST_FILE = ExampleTests/Info.plist;
				LD_RUNPATH_SEARCH_PATHS = "$(inherited) @executable_path/Frameworks @loader_path/Frameworks";
				PRODUCT_BUNDLE_IDENTIFIER = com.luckytr.ExampleTests;
				PRODUCT_NAME = "$(TARGET_NAME)";
				SWIFT_VERSION = 4.0;
				TARGETED_DEVICE_FAMILY = "1,2";
				TEST_HOST = "$(BUILT_PRODUCTS_DIR)/Example.app/Example";
			};
			name = Release;
		};
		07F03DBD1FCBFBDB006F79C8 /* Debug */ = {
			isa = XCBuildConfiguration;
			buildSettings = {
				ALWAYS_EMBED_SWIFT_STANDARD_LIBRARIES = YES;
				CODE_SIGN_STYLE = Automatic;
				DEVELOPMENT_TEAM = ENF6RU9UQS;
				INFOPLIST_FILE = ExampleUITests/Info.plist;
				LD_RUNPATH_SEARCH_PATHS = "$(inherited) @executable_path/Frameworks @loader_path/Frameworks";
				PRODUCT_BUNDLE_IDENTIFIER = com.luckytr.ExampleUITests;
				PRODUCT_NAME = "$(TARGET_NAME)";
				SWIFT_VERSION = 4.0;
				TARGETED_DEVICE_FAMILY = "1,2";
				TEST_TARGET_NAME = Example;
			};
			name = Debug;
		};
		07F03DBE1FCBFBDB006F79C8 /* Release */ = {
			isa = XCBuildConfiguration;
			buildSettings = {
				ALWAYS_EMBED_SWIFT_STANDARD_LIBRARIES = YES;
				CODE_SIGN_STYLE = Automatic;
				DEVELOPMENT_TEAM = ENF6RU9UQS;
				INFOPLIST_FILE = ExampleUITests/Info.plist;
				LD_RUNPATH_SEARCH_PATHS = "$(inherited) @executable_path/Frameworks @loader_path/Frameworks";
				PRODUCT_BUNDLE_IDENTIFIER = com.luckytr.ExampleUITests;
				PRODUCT_NAME = "$(TARGET_NAME)";
				SWIFT_VERSION = 4.0;
				TARGETED_DEVICE_FAMILY = "1,2";
				TEST_TARGET_NAME = Example;
			};
			name = Release;
		};
/* End XCBuildConfiguration section */

/* Begin XCConfigurationList section */
		07F03D891FCBFBDA006F79C8 /* Build configuration list for PBXProject "Example" */ = {
			isa = XCConfigurationList;
			buildConfigurations = (
				07F03DB41FCBFBDB006F79C8 /* Debug */,
				07F03DB51FCBFBDB006F79C8 /* Release */,
			);
			defaultConfigurationIsVisible = 0;
			defaultConfigurationName = Release;
		};
		07F03DB61FCBFBDB006F79C8 /* Build configuration list for PBXNativeTarget "Example" */ = {
			isa = XCConfigurationList;
			buildConfigurations = (
				07F03DB71FCBFBDB006F79C8 /* Debug */,
				07F03DB81FCBFBDB006F79C8 /* Release */,
			);
			defaultConfigurationIsVisible = 0;
			defaultConfigurationName = Release;
		};
		07F03DB91FCBFBDB006F79C8 /* Build configuration list for PBXNativeTarget "ExampleTests" */ = {
			isa = XCConfigurationList;
			buildConfigurations = (
				07F03DBA1FCBFBDB006F79C8 /* Debug */,
				07F03DBB1FCBFBDB006F79C8 /* Release */,
			);
			defaultConfigurationIsVisible = 0;
			defaultConfigurationName = Release;
		};
		07F03DBC1FCBFBDB006F79C8 /* Build configuration list for PBXNativeTarget "ExampleUITests" */ = {
			isa = XCConfigurationList;
			buildConfigurations = (
				07F03DBD1FCBFBDB006F79C8 /* Debug */,
				07F03DBE1FCBFBDB006F79C8 /* Release */,
			);
			defaultConfigurationIsVisible = 0;
			defaultConfigurationName = Release;
		};
/* End XCConfigurationList section */
	};
	rootObject = 07F03D861FCBFBDA006F79C8 /* Project object */;
}
