// !$*UTF8*$!
{
	archiveVersion = 1;
	classes = {
	};
	objectVersion = 48;
	objects = {

/* Begin PBXBuildFile section */
		0701BE6320302ECE0076B062 /* CellInsertDeleteDemoViewController.swift in Sources */ = {isa = PBXBuildFile; fileRef = 0701BE6220302ECE0076B062 /* CellInsertDeleteDemoViewController.swift */; };
		0712AEB31FF5E15E0053A59F /* file.txt in Resources */ = {isa = PBXBuildFile; fileRef = 0712AEB21FF5E15E0053A59F /* file.txt */; };
		0725BF0720170E7000DA1E3C /* SnapKit.framework in Frameworks */ = {isa = PBXBuildFile; fileRef = 0725BF0620170E6F00DA1E3C /* SnapKit.framework */; };
		0725BF0820170E7800DA1E3C /* SnapKit.framework in Embed Frameworks */ = {isa = PBXBuildFile; fileRef = 0725BF0620170E6F00DA1E3C /* SnapKit.framework */; settings = {ATTRIBUTES = (CodeSignOnCopy, RemoveHeadersOnCopy, ); }; };
		072865762008A03E00C3C368 /* NetworkingViewController.swift in Sources */ = {isa = PBXBuildFile; fileRef = 072865752008A03E00C3C368 /* NetworkingViewController.swift */; };
		0728657D2008A40C00C3C368 /* QuickSwift.framework in Embed Frameworks */ = {isa = PBXBuildFile; fileRef = 07AE23D61FCEB04B00028BC4 /* QuickSwift.framework */; settings = {ATTRIBUTES = (CodeSignOnCopy, RemoveHeadersOnCopy, ); }; };
		072865882008A6DC00C3C368 /* Alamofire.framework in Frameworks */ = {isa = PBXBuildFile; fileRef = 072865862008A6DC00C3C368 /* Alamofire.framework */; };
		072865892008A6DC00C3C368 /* OHHTTPStubs.framework in Frameworks */ = {isa = PBXBuildFile; fileRef = 072865872008A6DC00C3C368 /* OHHTTPStubs.framework */; };
		0728658A2008A73D00C3C368 /* OHHTTPStubs.framework in Embed Frameworks */ = {isa = PBXBuildFile; fileRef = 072865872008A6DC00C3C368 /* OHHTTPStubs.framework */; settings = {ATTRIBUTES = (CodeSignOnCopy, RemoveHeadersOnCopy, ); }; };
		0728658B2008A74200C3C368 /* Alamofire.framework in Embed Frameworks */ = {isa = PBXBuildFile; fileRef = 072865862008A6DC00C3C368 /* Alamofire.framework */; settings = {ATTRIBUTES = (CodeSignOnCopy, RemoveHeadersOnCopy, ); }; };
		0728658E2008AAD400C3C368 /* stub-students.json in Resources */ = {isa = PBXBuildFile; fileRef = 0728658D2008AAD400C3C368 /* stub-students.json */; };
		0735FD87203E6F0D00BE1342 /* HeadersViewController.swift in Sources */ = {isa = PBXBuildFile; fileRef = 0735FD86203E6F0D00BE1342 /* HeadersViewController.swift */; };
		0735FD89203FBFB000BE1342 /* PlainTableDemoViewController.swift in Sources */ = {isa = PBXBuildFile; fileRef = 0735FD88203FBFB000BE1342 /* PlainTableDemoViewController.swift */; };
		076AB995205768D20023D026 /* NavigationBarSearchViewController.swift in Sources */ = {isa = PBXBuildFile; fileRef = 076AB994205768D20023D026 /* NavigationBarSearchViewController.swift */; };
		0778CDDE202989DA00952A23 /* IPAddressDemoViewController.swift in Sources */ = {isa = PBXBuildFile; fileRef = 0778CDDD202989DA00952A23 /* IPAddressDemoViewController.swift */; };
		078C33A720592A7D009D563B /* FontTextStylesViewController.swift in Sources */ = {isa = PBXBuildFile; fileRef = 078C33A620592A7D009D563B /* FontTextStylesViewController.swift */; };
		078EE9552004945C00DF554C /* ExamplesViewController.swift in Sources */ = {isa = PBXBuildFile; fileRef = 078EE9542004945C00DF554C /* ExamplesViewController.swift */; };
		078EE9572004946D00DF554C /* SystemCellViewController.swift in Sources */ = {isa = PBXBuildFile; fileRef = 078EE9562004946D00DF554C /* SystemCellViewController.swift */; };
		078EE95D2005BB3C00DF554C /* BuiltInCellViewController.swift in Sources */ = {isa = PBXBuildFile; fileRef = 078EE95C2005BB3C00DF554C /* BuiltInCellViewController.swift */; };
		07AE23D51FCEB04B00028BC4 /* QuickSwift.framework in Frameworks */ = {isa = PBXBuildFile; fileRef = 07AE23D61FCEB04B00028BC4 /* QuickSwift.framework */; };
		07D14898201DA72C005F630A /* LifeCycleDemoViewController.swift in Sources */ = {isa = PBXBuildFile; fileRef = 07D14897201DA72C005F630A /* LifeCycleDemoViewController.swift */; };
		07D1489A201DEACC005F630A /* NavigationBarDemoViewController.swift in Sources */ = {isa = PBXBuildFile; fileRef = 07D14899201DEACC005F630A /* NavigationBarDemoViewController.swift */; };
		07D148A0201EC81A005F630A /* Consts.swift in Sources */ = {isa = PBXBuildFile; fileRef = 07D1489F201EC81A005F630A /* Consts.swift */; };
		07DFB2BE205CB5DC008C97C5 /* SegueDemoViewController.swift in Sources */ = {isa = PBXBuildFile; fileRef = 07DFB2BD205CB5DC008C97C5 /* SegueDemoViewController.swift */; };
		07DFB2CA205D4194008C97C5 /* TapActionDemoViewController.swift in Sources */ = {isa = PBXBuildFile; fileRef = 07DFB2C9205D4194008C97C5 /* TapActionDemoViewController.swift */; };
		07F03D921FCBFBDA006F79C8 /* AppDelegate.swift in Sources */ = {isa = PBXBuildFile; fileRef = 07F03D911FCBFBDA006F79C8 /* AppDelegate.swift */; };
		07F03D971FCBFBDA006F79C8 /* Main.storyboard in Resources */ = {isa = PBXBuildFile; fileRef = 07F03D951FCBFBDA006F79C8 /* Main.storyboard */; };
		07F03D991FCBFBDA006F79C8 /* Assets.xcassets in Resources */ = {isa = PBXBuildFile; fileRef = 07F03D981FCBFBDA006F79C8 /* Assets.xcassets */; };
		07F03D9C1FCBFBDA006F79C8 /* LaunchScreen.storyboard in Resources */ = {isa = PBXBuildFile; fileRef = 07F03D9A1FCBFBDA006F79C8 /* LaunchScreen.storyboard */; };
		07F03DA71FCBFBDB006F79C8 /* ExampleTests.swift in Sources */ = {isa = PBXBuildFile; fileRef = 07F03DA61FCBFBDB006F79C8 /* ExampleTests.swift */; };
		07F03DB21FCBFBDB006F79C8 /* ExampleUITests.swift in Sources */ = {isa = PBXBuildFile; fileRef = 07F03DB11FCBFBDB006F79C8 /* ExampleUITests.swift */; };
/* End PBXBuildFile section */

/* Begin PBXContainerItemProxy section */
		07F03DA31FCBFBDB006F79C8 /* PBXContainerItemProxy */ = {
			isa = PBXContainerItemProxy;
			containerPortal = 07F03D861FCBFBDA006F79C8 /* Project object */;
			proxyType = 1;
			remoteGlobalIDString = 07F03D8D1FCBFBDA006F79C8;
			remoteInfo = Example;
		};
		07F03DAE1FCBFBDB006F79C8 /* PBXContainerItemProxy */ = {
			isa = PBXContainerItemProxy;
			containerPortal = 07F03D861FCBFBDA006F79C8 /* Project object */;
			proxyType = 1;
			remoteGlobalIDString = 07F03D8D1FCBFBDA006F79C8;
			remoteInfo = Example;
		};
/* End PBXContainerItemProxy section */

/* Begin PBXCopyFilesBuildPhase section */
		07F03DCF1FCBFD14006F79C8 /* Embed Frameworks */ = {
			isa = PBXCopyFilesBuildPhase;
			buildActionMask = 2147483647;
			dstPath = "";
			dstSubfolderSpec = 10;
			files = (
				0725BF0820170E7800DA1E3C /* SnapKit.framework in Embed Frameworks */,
				0728658B2008A74200C3C368 /* Alamofire.framework in Embed Frameworks */,
				0728658A2008A73D00C3C368 /* OHHTTPStubs.framework in Embed Frameworks */,
				0728657D2008A40C00C3C368 /* QuickSwift.framework in Embed Frameworks */,
			);
			name = "Embed Frameworks";
			runOnlyForDeploymentPostprocessing = 0;
		};
/* End PBXCopyFilesBuildPhase section */

/* Begin PBXFileReference section */
		0701BE6220302ECE0076B062 /* CellInsertDeleteDemoViewController.swift */ = {isa = PBXFileReference; lastKnownFileType = sourcecode.swift; path = CellInsertDeleteDemoViewController.swift; sourceTree = "<group>"; };
		0712AEB21FF5E15E0053A59F /* file.txt */ = {isa = PBXFileReference; fileEncoding = 4; lastKnownFileType = text; path = file.txt; sourceTree = "<group>"; };
		0725BF0620170E6F00DA1E3C /* SnapKit.framework */ = {isa = PBXFileReference; lastKnownFileType = wrapper.framework; name = SnapKit.framework; path = Example/Frameworks/SnapKit.framework; sourceTree = "<group>"; };
		072865752008A03E00C3C368 /* NetworkingViewController.swift */ = {isa = PBXFileReference; lastKnownFileType = sourcecode.swift; path = NetworkingViewController.swift; sourceTree = "<group>"; };
		072865862008A6DC00C3C368 /* Alamofire.framework */ = {isa = PBXFileReference; lastKnownFileType = wrapper.framework; name = Alamofire.framework; path = Example/Frameworks/Alamofire.framework; sourceTree = "<group>"; };
		072865872008A6DC00C3C368 /* OHHTTPStubs.framework */ = {isa = PBXFileReference; lastKnownFileType = wrapper.framework; name = OHHTTPStubs.framework; path = Example/Frameworks/OHHTTPStubs.framework; sourceTree = "<group>"; };
		0728658D2008AAD400C3C368 /* stub-students.json */ = {isa = PBXFileReference; fileEncoding = 4; lastKnownFileType = text.json; path = "stub-students.json"; sourceTree = "<group>"; };
		0735FD86203E6F0D00BE1342 /* HeadersViewController.swift */ = {isa = PBXFileReference; lastKnownFileType = sourcecode.swift; path = HeadersViewController.swift; sourceTree = "<group>"; };
		0735FD88203FBFB000BE1342 /* PlainTableDemoViewController.swift */ = {isa = PBXFileReference; lastKnownFileType = sourcecode.swift; path = PlainTableDemoViewController.swift; sourceTree = "<group>"; };
		076AB994205768D20023D026 /* NavigationBarSearchViewController.swift */ = {isa = PBXFileReference; lastKnownFileType = sourcecode.swift; path = NavigationBarSearchViewController.swift; sourceTree = "<group>"; };
		0778CDDD202989DA00952A23 /* IPAddressDemoViewController.swift */ = {isa = PBXFileReference; lastKnownFileType = sourcecode.swift; path = IPAddressDemoViewController.swift; sourceTree = "<group>"; };
		078C33A620592A7D009D563B /* FontTextStylesViewController.swift */ = {isa = PBXFileReference; lastKnownFileType = sourcecode.swift; path = FontTextStylesViewController.swift; sourceTree = "<group>"; };
		078EE9542004945C00DF554C /* ExamplesViewController.swift */ = {isa = PBXFileReference; fileEncoding = 4; lastKnownFileType = sourcecode.swift; path = ExamplesViewController.swift; sourceTree = "<group>"; };
		078EE9562004946D00DF554C /* SystemCellViewController.swift */ = {isa = PBXFileReference; lastKnownFileType = sourcecode.swift; path = SystemCellViewController.swift; sourceTree = "<group>"; };
		078EE95C2005BB3C00DF554C /* BuiltInCellViewController.swift */ = {isa = PBXFileReference; lastKnownFileType = sourcecode.swift; path = BuiltInCellViewController.swift; sourceTree = "<group>"; };
		07AE23D61FCEB04B00028BC4 /* QuickSwift.framework */ = {isa = PBXFileReference; explicitFileType = wrapper.framework; path = QuickSwift.framework; sourceTree = BUILT_PRODUCTS_DIR; };
		07D14897201DA72C005F630A /* LifeCycleDemoViewController.swift */ = {isa = PBXFileReference; lastKnownFileType = sourcecode.swift; path = LifeCycleDemoViewController.swift; sourceTree = "<group>"; };
		07D14899201DEACC005F630A /* NavigationBarDemoViewController.swift */ = {isa = PBXFileReference; lastKnownFileType = sourcecode.swift; path = NavigationBarDemoViewController.swift; sourceTree = "<group>"; };
		07D1489F201EC81A005F630A /* Consts.swift */ = {isa = PBXFileReference; lastKnownFileType = sourcecode.swift; path = Consts.swift; sourceTree = "<group>"; };
		07DFB2BD205CB5DC008C97C5 /* SegueDemoViewController.swift */ = {isa = PBXFileReference; lastKnownFileType = sourcecode.swift; path = SegueDemoViewController.swift; sourceTree = "<group>"; };
		07DFB2C9205D4194008C97C5 /* TapActionDemoViewController.swift */ = {isa = PBXFileReference; lastKnownFileType = sourcecode.swift; path = TapActionDemoViewController.swift; sourceTree = "<group>"; };
		07F03D8E1FCBFBDA006F79C8 /* Example.app */ = {isa = PBXFileReference; explicitFileType = wrapper.application; includeInIndex = 0; path = Example.app; sourceTree = BUILT_PRODUCTS_DIR; };
		07F03D911FCBFBDA006F79C8 /* AppDelegate.swift */ = {isa = PBXFileReference; lastKnownFileType = sourcecode.swift; path = AppDelegate.swift; sourceTree = "<group>"; };
		07F03D961FCBFBDA006F79C8 /* Base */ = {isa = PBXFileReference; lastKnownFileType = file.storyboard; name = Base; path = Base.lproj/Main.storyboard; sourceTree = "<group>"; };
		07F03D981FCBFBDA006F79C8 /* Assets.xcassets */ = {isa = PBXFileReference; lastKnownFileType = folder.assetcatalog; path = Assets.xcassets; sourceTree = "<group>"; };
		07F03D9B1FCBFBDA006F79C8 /* Base */ = {isa = PBXFileReference; lastKnownFileType = file.storyboard; name = Base; path = Base.lproj/LaunchScreen.storyboard; sourceTree = "<group>"; };
		07F03D9D1FCBFBDA006F79C8 /* Info.plist */ = {isa = PBXFileReference; lastKnownFileType = text.plist.xml; path = Info.plist; sourceTree = "<group>"; };
		07F03DA21FCBFBDB006F79C8 /* ExampleTests.xctest */ = {isa = PBXFileReference; explicitFileType = wrapper.cfbundle; includeInIndex = 0; path = ExampleTests.xctest; sourceTree = BUILT_PRODUCTS_DIR; };
		07F03DA61FCBFBDB006F79C8 /* ExampleTests.swift */ = {isa = PBXFileReference; lastKnownFileType = sourcecode.swift; path = ExampleTests.swift; sourceTree = "<group>"; };
		07F03DA81FCBFBDB006F79C8 /* Info.plist */ = {isa = PBXFileReference; lastKnownFileType = text.plist.xml; path = Info.plist; sourceTree = "<group>"; };
		07F03DAD1FCBFBDB006F79C8 /* ExampleUITests.xctest */ = {isa = PBXFileReference; explicitFileType = wrapper.cfbundle; includeInIndex = 0; path = ExampleUITests.xctest; sourceTree = BUILT_PRODUCTS_DIR; };
		07F03DB11FCBFBDB006F79C8 /* ExampleUITests.swift */ = {isa = PBXFileReference; lastKnownFileType = sourcecode.swift; path = ExampleUITests.swift; sourceTree = "<group>"; };
		07F03DB31FCBFBDB006F79C8 /* Info.plist */ = {isa = PBXFileReference; lastKnownFileType = text.plist.xml; path = Info.plist; sourceTree = "<group>"; };
/* End PBXFileReference section */

/* Begin PBXFrameworksBuildPhase section */
		07F03D8B1FCBFBDA006F79C8 /* Frameworks */ = {
			isa = PBXFrameworksBuildPhase;
			buildActionMask = 2147483647;
			files = (
				072865892008A6DC00C3C368 /* OHHTTPStubs.framework in Frameworks */,
				07AE23D51FCEB04B00028BC4 /* QuickSwift.framework in Frameworks */,
				072865882008A6DC00C3C368 /* Alamofire.framework in Frameworks */,
				0725BF0720170E7000DA1E3C /* SnapKit.framework in Frameworks */,
			);
			runOnlyForDeploymentPostprocessing = 0;
		};
		07F03D9F1FCBFBDB006F79C8 /* Frameworks */ = {
			isa = PBXFrameworksBuildPhase;
			buildActionMask = 2147483647;
			files = (
			);
			runOnlyForDeploymentPostprocessing = 0;
		};
		07F03DAA1FCBFBDB006F79C8 /* Frameworks */ = {
			isa = PBXFrameworksBuildPhase;
			buildActionMask = 2147483647;
			files = (
			);
			runOnlyForDeploymentPostprocessing = 0;
		};
/* End PBXFrameworksBuildPhase section */

/* Begin PBXGroup section */
		0712AEAA1FF5DFE10053A59F /* Resources */ = {
			isa = PBXGroup;
			children = (
				0728658C2008AAD400C3C368 /* jsons */,
				0712AEB11FF5E15E0053A59F /* files */,
			);
			path = Resources;
			sourceTree = "<group>";
		};
		0712AEB11FF5E15E0053A59F /* files */ = {
			isa = PBXGroup;
			children = (
				0712AEB21FF5E15E0053A59F /* file.txt */,
			);
			path = files;
			sourceTree = "<group>";
		};
		0728658C2008AAD400C3C368 /* jsons */ = {
			isa = PBXGroup;
			children = (
				0728658D2008AAD400C3C368 /* stub-students.json */,
			);
			path = jsons;
			sourceTree = "<group>";
		};
		078EE9532004945C00DF554C /* ViewControllers */ = {
			isa = PBXGroup;
			children = (
				078EE9542004945C00DF554C /* ExamplesViewController.swift */,
				0735FD88203FBFB000BE1342 /* PlainTableDemoViewController.swift */,
				0735FD86203E6F0D00BE1342 /* HeadersViewController.swift */,
				078EE9562004946D00DF554C /* SystemCellViewController.swift */,
				078EE95C2005BB3C00DF554C /* BuiltInCellViewController.swift */,
				072865752008A03E00C3C368 /* NetworkingViewController.swift */,
				0778CDDD202989DA00952A23 /* IPAddressDemoViewController.swift */,
				07D14897201DA72C005F630A /* LifeCycleDemoViewController.swift */,
				07D14899201DEACC005F630A /* NavigationBarDemoViewController.swift */,
				0701BE6220302ECE0076B062 /* CellInsertDeleteDemoViewController.swift */,
				076AB994205768D20023D026 /* NavigationBarSearchViewController.swift */,
				078C33A620592A7D009D563B /* FontTextStylesViewController.swift */,
				07DFB2BD205CB5DC008C97C5 /* SegueDemoViewController.swift */,
				07DFB2C9205D4194008C97C5 /* TapActionDemoViewController.swift */,
			);
			path = ViewControllers;
			sourceTree = "<group>";
		};
		07F03D851FCBFBDA006F79C8 = {
			isa = PBXGroup;
			children = (
				07F03D901FCBFBDA006F79C8 /* Example */,
				07F03DA51FCBFBDB006F79C8 /* ExampleTests */,
				07F03DB01FCBFBDB006F79C8 /* ExampleUITests */,
				07F03D8F1FCBFBDA006F79C8 /* Products */,
				07F03DC91FCBFCF8006F79C8 /* Frameworks */,
			);
			sourceTree = "<group>";
		};
		07F03D8F1FCBFBDA006F79C8 /* Products */ = {
			isa = PBXGroup;
			children = (
				07F03D8E1FCBFBDA006F79C8 /* Example.app */,
				07F03DA21FCBFBDB006F79C8 /* ExampleTests.xctest */,
				07F03DAD1FCBFBDB006F79C8 /* ExampleUITests.xctest */,
			);
			name = Products;
			sourceTree = "<group>";
		};
		07F03D901FCBFBDA006F79C8 /* Example */ = {
			isa = PBXGroup;
			children = (
				07F03D911FCBFBDA006F79C8 /* AppDelegate.swift */,
				07D1489F201EC81A005F630A /* Consts.swift */,
				078EE9532004945C00DF554C /* ViewControllers */,
				07F03D951FCBFBDA006F79C8 /* Main.storyboard */,
				07F03D981FCBFBDA006F79C8 /* Assets.xcassets */,
				07F03D9A1FCBFBDA006F79C8 /* LaunchScreen.storyboard */,
				07F03D9D1FCBFBDA006F79C8 /* Info.plist */,
				0712AEAA1FF5DFE10053A59F /* Resources */,
			);
			path = Example;
			sourceTree = "<group>";
		};
		07F03DA51FCBFBDB006F79C8 /* ExampleTests */ = {
			isa = PBXGroup;
			children = (
				07F03DA61FCBFBDB006F79C8 /* ExampleTests.swift */,
				07F03DA81FCBFBDB006F79C8 /* Info.plist */,
			);
			path = ExampleTests;
			sourceTree = "<group>";
		};
		07F03DB01FCBFBDB006F79C8 /* ExampleUITests */ = {
			isa = PBXGroup;
			children = (
				07F03DB11FCBFBDB006F79C8 /* ExampleUITests.swift */,
				07F03DB31FCBFBDB006F79C8 /* Info.plist */,
			);
			path = ExampleUITests;
			sourceTree = "<group>";
		};
		07F03DC91FCBFCF8006F79C8 /* Frameworks */ = {
			isa = PBXGroup;
			children = (
				0725BF0620170E6F00DA1E3C /* SnapKit.framework */,
				072865862008A6DC00C3C368 /* Alamofire.framework */,
				072865872008A6DC00C3C368 /* OHHTTPStubs.framework */,
				07AE23D61FCEB04B00028BC4 /* QuickSwift.framework */,
			);
			name = Frameworks;
			sourceTree = "<group>";
		};
/* End PBXGroup section */

/* Begin PBXNativeTarget section */
		07F03D8D1FCBFBDA006F79C8 /* Example */ = {
			isa = PBXNativeTarget;
			buildConfigurationList = 07F03DB61FCBFBDB006F79C8 /* Build configuration list for PBXNativeTarget "Example" */;
			buildPhases = (
				07F03D8A1FCBFBDA006F79C8 /* Sources */,
				07F03D8B1FCBFBDA006F79C8 /* Frameworks */,
				07F03D8C1FCBFBDA006F79C8 /* Resources */,
				07F03DCF1FCBFD14006F79C8 /* Embed Frameworks */,
			);
			buildRules = (
			);
			dependencies = (
			);
			name = Example;
			productName = Example;
			productReference = 07F03D8E1FCBFBDA006F79C8 /* Example.app */;
			productType = "com.apple.product-type.application";
		};
		07F03DA11FCBFBDB006F79C8 /* ExampleTests */ = {
			isa = PBXNativeTarget;
			buildConfigurationList = 07F03DB91FCBFBDB006F79C8 /* Build configuration list for PBXNativeTarget "ExampleTests" */;
			buildPhases = (
				07F03D9E1FCBFBDB006F79C8 /* Sources */,
				07F03D9F1FCBFBDB006F79C8 /* Frameworks */,
				07F03DA01FCBFBDB006F79C8 /* Resources */,
			);
			buildRules = (
			);
			dependencies = (
				07F03DA41FCBFBDB006F79C8 /* PBXTargetDependency */,
			);
			name = ExampleTests;
			productName = ExampleTests;
			productReference = 07F03DA21FCBFBDB006F79C8 /* ExampleTests.xctest */;
			productType = "com.apple.product-type.bundle.unit-test";
		};
		07F03DAC1FCBFBDB006F79C8 /* ExampleUITests */ = {
			isa = PBXNativeTarget;
			buildConfigurationList = 07F03DBC1FCBFBDB006F79C8 /* Build configuration list for PBXNativeTarget "ExampleUITests" */;
			buildPhases = (
				07F03DA91FCBFBDB006F79C8 /* Sources */,
				07F03DAA1FCBFBDB006F79C8 /* Frameworks */,
				07F03DAB1FCBFBDB006F79C8 /* Resources */,
			);
			buildRules = (
			);
			dependencies = (
				07F03DAF1FCBFBDB006F79C8 /* PBXTargetDependency */,
			);
			name = ExampleUITests;
			productName = ExampleUITests;
			productReference = 07F03DAD1FCBFBDB006F79C8 /* ExampleUITests.xctest */;
			productType = "com.apple.product-type.bundle.ui-testing";
		};
/* End PBXNativeTarget section */

/* Begin PBXProject section */
		07F03D861FCBFBDA006F79C8 /* Project object */ = {
			isa = PBXProject;
			attributes = {
				LastSwiftUpdateCheck = 0910;
				LastUpgradeCheck = 0910;
				ORGANIZATIONNAME = LuckyTR;
				TargetAttributes = {
					07F03D8D1FCBFBDA006F79C8 = {
						CreatedOnToolsVersion = 9.1;
						ProvisioningStyle = Automatic;
					};
					07F03DA11FCBFBDB006F79C8 = {
						CreatedOnToolsVersion = 9.1;
						ProvisioningStyle = Automatic;
						TestTargetID = 07F03D8D1FCBFBDA006F79C8;
					};
					07F03DAC1FCBFBDB006F79C8 = {
						CreatedOnToolsVersion = 9.1;
						ProvisioningStyle = Automatic;
						TestTargetID = 07F03D8D1FCBFBDA006F79C8;
					};
				};
			};
			buildConfigurationList = 07F03D891FCBFBDA006F79C8 /* Build configuration list for PBXProject "Example" */;
			compatibilityVersion = "Xcode 8.0";
			developmentRegion = en;
			hasScannedForEncodings = 0;
			knownRegions = (
				en,
				Base,
			);
			mainGroup = 07F03D851FCBFBDA006F79C8;
			productRefGroup = 07F03D8F1FCBFBDA006F79C8 /* Products */;
			projectDirPath = "";
			projectRoot = "";
			targets = (
				07F03D8D1FCBFBDA006F79C8 /* Example */,
				07F03DA11FCBFBDB006F79C8 /* ExampleTests */,
				07F03DAC1FCBFBDB006F79C8 /* ExampleUITests */,
			);
		};
/* End PBXProject section */

/* Begin PBXResourcesBuildPhase section */
		07F03D8C1FCBFBDA006F79C8 /* Resources */ = {
			isa = PBXResourcesBuildPhase;
			buildActionMask = 2147483647;
			files = (
				07F03D9C1FCBFBDA006F79C8 /* LaunchScreen.storyboard in Resources */,
				0728658E2008AAD400C3C368 /* stub-students.json in Resources */,
				07F03D991FCBFBDA006F79C8 /* Assets.xcassets in Resources */,
				0712AEB31FF5E15E0053A59F /* file.txt in Resources */,
				07F03D971FCBFBDA006F79C8 /* Main.storyboard in Resources */,
			);
			runOnlyForDeploymentPostprocessing = 0;
		};
		07F03DA01FCBFBDB006F79C8 /* Resources */ = {
			isa = PBXResourcesBuildPhase;
			buildActionMask = 2147483647;
			files = (
			);
			runOnlyForDeploymentPostprocessing = 0;
		};
		07F03DAB1FCBFBDB006F79C8 /* Resources */ = {
			isa = PBXResourcesBuildPhase;
			buildActionMask = 2147483647;
			files = (
			);
			runOnlyForDeploymentPostprocessing = 0;
		};
/* End PBXResourcesBuildPhase section */

/* Begin PBXSourcesBuildPhase section */
		07F03D8A1FCBFBDA006F79C8 /* Sources */ = {
			isa = PBXSourcesBuildPhase;
			buildActionMask = 2147483647;
			files = (
				078C33A720592A7D009D563B /* FontTextStylesViewController.swift in Sources */,
				072865762008A03E00C3C368 /* NetworkingViewController.swift in Sources */,
				0701BE6320302ECE0076B062 /* CellInsertDeleteDemoViewController.swift in Sources */,
				07D148A0201EC81A005F630A /* Consts.swift in Sources */,
				078EE95D2005BB3C00DF554C /* BuiltInCellViewController.swift in Sources */,
				07D14898201DA72C005F630A /* LifeCycleDemoViewController.swift in Sources */,
				07DFB2BE205CB5DC008C97C5 /* SegueDemoViewController.swift in Sources */,
				076AB995205768D20023D026 /* NavigationBarSearchViewController.swift in Sources */,
				0735FD89203FBFB000BE1342 /* PlainTableDemoViewController.swift in Sources */,
				07DFB2CA205D4194008C97C5 /* TapActionDemoViewController.swift in Sources */,
				07F03D921FCBFBDA006F79C8 /* AppDelegate.swift in Sources */,
				078EE9572004946D00DF554C /* SystemCellViewController.swift in Sources */,
				0735FD87203E6F0D00BE1342 /* HeadersViewController.swift in Sources */,
				07D1489A201DEACC005F630A /* NavigationBarDemoViewController.swift in Sources */,
				078EE9552004945C00DF554C /* ExamplesViewController.swift in Sources */,
				0778CDDE202989DA00952A23 /* IPAddressDemoViewController.swift in Sources */,
			);
			runOnlyForDeploymentPostprocessing = 0;
		};
		07F03D9E1FCBFBDB006F79C8 /* Sources */ = {
			isa = PBXSourcesBuildPhase;
			buildActionMask = 2147483647;
			files = (
				07F03DA71FCBFBDB006F79C8 /* ExampleTests.swift in Sources */,
			);
			runOnlyForDeploymentPostprocessing = 0;
		};
		07F03DA91FCBFBDB006F79C8 /* Sources */ = {
			isa = PBXSourcesBuildPhase;
			buildActionMask = 2147483647;
			files = (
				07F03DB21FCBFBDB006F79C8 /* ExampleUITests.swift in Sources */,
			);
			runOnlyForDeploymentPostprocessing = 0;
		};
/* End PBXSourcesBuildPhase section */

/* Begin PBXTargetDependency section */
		07F03DA41FCBFBDB006F79C8 /* PBXTargetDependency */ = {
			isa = PBXTargetDependency;
			target = 07F03D8D1FCBFBDA006F79C8 /* Example */;
			targetProxy = 07F03DA31FCBFBDB006F79C8 /* PBXContainerItemProxy */;
		};
		07F03DAF1FCBFBDB006F79C8 /* PBXTargetDependency */ = {
			isa = PBXTargetDependency;
			target = 07F03D8D1FCBFBDA006F79C8 /* Example */;
			targetProxy = 07F03DAE1FCBFBDB006F79C8 /* PBXContainerItemProxy */;
		};
/* End PBXTargetDependency section */

/* Begin PBXVariantGroup section */
		07F03D951FCBFBDA006F79C8 /* Main.storyboard */ = {
			isa = PBXVariantGroup;
			children = (
				07F03D961FCBFBDA006F79C8 /* Base */,
			);
			name = Main.storyboard;
			sourceTree = "<group>";
		};
		07F03D9A1FCBFBDA006F79C8 /* LaunchScreen.storyboard */ = {
			isa = PBXVariantGroup;
			children = (
				07F03D9B1FCBFBDA006F79C8 /* Base */,
			);
			name = LaunchScreen.storyboard;
			sourceTree = "<group>";
		};
/* End PBXVariantGroup section */

/* Begin XCBuildConfiguration section */
		07F03DB41FCBFBDB006F79C8 /* Debug */ = {
			isa = XCBuildConfiguration;
			buildSettings = {
				ALWAYS_SEARCH_USER_PATHS = NO;
				CLANG_ANALYZER_NONNULL = YES;
				CLANG_ANALYZER_NUMBER_OBJECT_CONVERSION = YES_AGGRESSIVE;
				CLANG_CXX_LANGUAGE_STANDARD = "gnu++14";
				CLANG_CXX_LIBRARY = "libc++";
				CLANG_ENABLE_MODULES = YES;
				CLANG_ENABLE_OBJC_ARC = YES;
				CLANG_WARN_BLOCK_CAPTURE_AUTORELEASING = YES;
				CLANG_WARN_BOOL_CONVERSION = YES;
				CLANG_WARN_COMMA = YES;
				CLANG_WARN_CONSTANT_CONVERSION = YES;
				CLANG_WARN_DIRECT_OBJC_ISA_USAGE = YES_ERROR;
				CLANG_WARN_DOCUMENTATION_COMMENTS = YES;
				CLANG_WARN_EMPTY_BODY = YES;
				CLANG_WARN_ENUM_CONVERSION = YES;
				CLANG_WARN_INFINITE_RECURSION = YES;
				CLANG_WARN_INT_CONVERSION = YES;
				CLANG_WARN_NON_LITERAL_NULL_CONVERSION = YES;
				CLANG_WARN_OBJC_LITERAL_CONVERSION = YES;
				CLANG_WARN_OBJC_ROOT_CLASS = YES_ERROR;
				CLANG_WARN_RANGE_LOOP_ANALYSIS = YES;
				CLANG_WARN_STRICT_PROTOTYPES = YES;
				CLANG_WARN_SUSPICIOUS_MOVE = YES;
				CLANG_WARN_UNGUARDED_AVAILABILITY = YES_AGGRESSIVE;
				CLANG_WARN_UNREACHABLE_CODE = YES;
				CLANG_WARN__DUPLICATE_METHOD_MATCH = YES;
				CODE_SIGN_IDENTITY = "iPhone Developer";
				COPY_PHASE_STRIP = NO;
				DEBUG_INFORMATION_FORMAT = dwarf;
				ENABLE_STRICT_OBJC_MSGSEND = YES;
				ENABLE_TESTABILITY = YES;
				GCC_C_LANGUAGE_STANDARD = gnu11;
				GCC_DYNAMIC_NO_PIC = NO;
				GCC_NO_COMMON_BLOCKS = YES;
				GCC_OPTIMIZATION_LEVEL = 0;
				GCC_PREPROCESSOR_DEFINITIONS = (
					"DEBUG=1",
					"$(inherited)",
				);
				GCC_WARN_64_TO_32_BIT_CONVERSION = YES;
				GCC_WARN_ABOUT_RETURN_TYPE = YES_ERROR;
				GCC_WARN_UNDECLARED_SELECTOR = YES;
				GCC_WARN_UNINITIALIZED_AUTOS = YES_AGGRESSIVE;
				GCC_WARN_UNUSED_FUNCTION = YES;
				GCC_WARN_UNUSED_VARIABLE = YES;
				IPHONEOS_DEPLOYMENT_TARGET = 11.0;
				MTL_ENABLE_DEBUG_INFO = YES;
				ONLY_ACTIVE_ARCH = YES;
				SDKROOT = iphoneos;
				SWIFT_ACTIVE_COMPILATION_CONDITIONS = DEBUG;
				SWIFT_OPTIMIZATION_LEVEL = "-Onone";
			};
			name = Debug;
		};
		07F03DB51FCBFBDB006F79C8 /* Release */ = {
			isa = XCBuildConfiguration;
			buildSettings = {
				ALWAYS_SEARCH_USER_PATHS = NO;
				CLANG_ANALYZER_NONNULL = YES;
				CLANG_ANALYZER_NUMBER_OBJECT_CONVERSION = YES_AGGRESSIVE;
				CLANG_CXX_LANGUAGE_STANDARD = "gnu++14";
				CLANG_CXX_LIBRARY = "libc++";
				CLANG_ENABLE_MODULES = YES;
				CLANG_ENABLE_OBJC_ARC = YES;
				CLANG_WARN_BLOCK_CAPTURE_AUTORELEASING = YES;
				CLANG_WARN_BOOL_CONVERSION = YES;
				CLANG_WARN_COMMA = YES;
				CLANG_WARN_CONSTANT_CONVERSION = YES;
				CLANG_WARN_DIRECT_OBJC_ISA_USAGE = YES_ERROR;
				CLANG_WARN_DOCUMENTATION_COMMENTS = YES;
				CLANG_WARN_EMPTY_BODY = YES;
				CLANG_WARN_ENUM_CONVERSION = YES;
				CLANG_WARN_INFINITE_RECURSION = YES;
				CLANG_WARN_INT_CONVERSION = YES;
				CLANG_WARN_NON_LITERAL_NULL_CONVERSION = YES;
				CLANG_WARN_OBJC_LITERAL_CONVERSION = YES;
				CLANG_WARN_OBJC_ROOT_CLASS = YES_ERROR;
				CLANG_WARN_RANGE_LOOP_ANALYSIS = YES;
				CLANG_WARN_STRICT_PROTOTYPES = YES;
				CLANG_WARN_SUSPICIOUS_MOVE = YES;
				CLANG_WARN_UNGUARDED_AVAILABILITY = YES_AGGRESSIVE;
				CLANG_WARN_UNREACHABLE_CODE = YES;
				CLANG_WARN__DUPLICATE_METHOD_MATCH = YES;
				CODE_SIGN_IDENTITY = "iPhone Developer";
				COPY_PHASE_STRIP = NO;
				DEBUG_INFORMATION_FORMAT = "dwarf-with-dsym";
				ENABLE_NS_ASSERTIONS = NO;
				ENABLE_STRICT_OBJC_MSGSEND = YES;
				GCC_C_LANGUAGE_STANDARD = gnu11;
				GCC_NO_COMMON_BLOCKS = YES;
				GCC_WARN_64_TO_32_BIT_CONVERSION = YES;
				GCC_WARN_ABOUT_RETURN_TYPE = YES_ERROR;
				GCC_WARN_UNDECLARED_SELECTOR = YES;
				GCC_WARN_UNINITIALIZED_AUTOS = YES_AGGRESSIVE;
				GCC_WARN_UNUSED_FUNCTION = YES;
				GCC_WARN_UNUSED_VARIABLE = YES;
				IPHONEOS_DEPLOYMENT_TARGET = 11.0;
				MTL_ENABLE_DEBUG_INFO = NO;
				SDKROOT = iphoneos;
				SWIFT_OPTIMIZATION_LEVEL = "-Owholemodule";
				VALIDATE_PRODUCT = YES;
			};
			name = Release;
		};
		07F03DB71FCBFBDB006F79C8 /* Debug */ = {
			isa = XCBuildConfiguration;
			buildSettings = {
				ASSETCATALOG_COMPILER_APPICON_NAME = AppIcon;
				CODE_SIGN_STYLE = Automatic;
				DEVELOPMENT_TEAM = ENF6RU9UQS;
				FRAMEWORK_SEARCH_PATHS = (
					"$(inherited)",
					"$(PROJECT_DIR)/Example/Frameworks",
				);
				INFOPLIST_FILE = Example/Info.plist;
				IPHONEOS_DEPLOYMENT_TARGET = 11.0;
				LD_RUNPATH_SEARCH_PATHS = "$(inherited) @executable_path/Frameworks";
				PRODUCT_BUNDLE_IDENTIFIER = com.luckytr.Example;
				PRODUCT_NAME = "$(TARGET_NAME)";
				SWIFT_VERSION = 4.0;
				TARGETED_DEVICE_FAMILY = "1,2";
			};
			name = Debug;
		};
		07F03DB81FCBFBDB006F79C8 /* Release */ = {
			isa = XCBuildConfiguration;
			buildSettings = {
				ASSETCATALOG_COMPILER_APPICON_NAME = AppIcon;
				CODE_SIGN_STYLE = Automatic;
				DEVELOPMENT_TEAM = ENF6RU9UQS;
				FRAMEWORK_SEARCH_PATHS = (
					"$(inherited)",
					"$(PROJECT_DIR)/Example/Frameworks",
				);
				INFOPLIST_FILE = Example/Info.plist;
				IPHONEOS_DEPLOYMENT_TARGET = 11.0;
				LD_RUNPATH_SEARCH_PATHS = "$(inherited) @executable_path/Frameworks";
				PRODUCT_BUNDLE_IDENTIFIER = com.luckytr.Example;
				PRODUCT_NAME = "$(TARGET_NAME)";
				SWIFT_VERSION = 4.0;
				TARGETED_DEVICE_FAMILY = "1,2";
			};
			name = Release;
		};
		07F03DBA1FCBFBDB006F79C8 /* Debug */ = {
			isa = XCBuildConfiguration;
			buildSettings = {
				ALWAYS_EMBED_SWIFT_STANDARD_LIBRARIES = YES;
				BUNDLE_LOADER = "$(TEST_HOST)";
				CODE_SIGN_STYLE = Automatic;
				DEVELOPMENT_TEAM = ENF6RU9UQS;
				INFOPLIST_FILE = ExampleTests/Info.plist;
				LD_RUNPATH_SEARCH_PATHS = "$(inherited) @executable_path/Frameworks @loader_path/Frameworks";
				PRODUCT_BUNDLE_IDENTIFIER = com.luckytr.ExampleTests;
				PRODUCT_NAME = "$(TARGET_NAME)";
				SWIFT_VERSION = 4.0;
				TARGETED_DEVICE_FAMILY = "1,2";
				TEST_HOST = "$(BUILT_PRODUCTS_DIR)/Example.app/Example";
			};
			name = Debug;
		};
		07F03DBB1FCBFBDB006F79C8 /* Release */ = {
			isa = XCBuildConfiguration;
			buildSettings = {
				ALWAYS_EMBED_SWIFT_STANDARD_LIBRARIES = YES;
				BUNDLE_LOADER = "$(TEST_HOST)";
				CODE_SIGN_STYLE = Automatic;
				DEVELOPMENT_TEAM = ENF6RU9UQS;
				INFOPLIST_FILE = ExampleTests/Info.plist;
				LD_RUNPATH_SEARCH_PATHS = "$(inherited) @executable_path/Frameworks @loader_path/Frameworks";
				PRODUCT_BUNDLE_IDENTIFIER = com.luckytr.ExampleTests;
				PRODUCT_NAME = "$(TARGET_NAME)";
				SWIFT_VERSION = 4.0;
				TARGETED_DEVICE_FAMILY = "1,2";
				TEST_HOST = "$(BUILT_PRODUCTS_DIR)/Example.app/Example";
			};
			name = Release;
		};
		07F03DBD1FCBFBDB006F79C8 /* Debug */ = {
			isa = XCBuildConfiguration;
			buildSettings = {
				ALWAYS_EMBED_SWIFT_STANDARD_LIBRARIES = YES;
				CODE_SIGN_STYLE = Automatic;
				DEVELOPMENT_TEAM = ENF6RU9UQS;
				INFOPLIST_FILE = ExampleUITests/Info.plist;
				LD_RUNPATH_SEARCH_PATHS = "$(inherited) @executable_path/Frameworks @loader_path/Frameworks";
				PRODUCT_BUNDLE_IDENTIFIER = com.luckytr.ExampleUITests;
				PRODUCT_NAME = "$(TARGET_NAME)";
				SWIFT_VERSION = 4.0;
				TARGETED_DEVICE_FAMILY = "1,2";
				TEST_TARGET_NAME = Example;
			};
			name = Debug;
		};
		07F03DBE1FCBFBDB006F79C8 /* Release */ = {
			isa = XCBuildConfiguration;
			buildSettings = {
				ALWAYS_EMBED_SWIFT_STANDARD_LIBRARIES = YES;
				CODE_SIGN_STYLE = Automatic;
				DEVELOPMENT_TEAM = ENF6RU9UQS;
				INFOPLIST_FILE = ExampleUITests/Info.plist;
				LD_RUNPATH_SEARCH_PATHS = "$(inherited) @executable_path/Frameworks @loader_path/Frameworks";
				PRODUCT_BUNDLE_IDENTIFIER = com.luckytr.ExampleUITests;
				PRODUCT_NAME = "$(TARGET_NAME)";
				SWIFT_VERSION = 4.0;
				TARGETED_DEVICE_FAMILY = "1,2";
				TEST_TARGET_NAME = Example;
			};
			name = Release;
		};
/* End XCBuildConfiguration section */

/* Begin XCConfigurationList section */
		07F03D891FCBFBDA006F79C8 /* Build configuration list for PBXProject "Example" */ = {
			isa = XCConfigurationList;
			buildConfigurations = (
				07F03DB41FCBFBDB006F79C8 /* Debug */,
				07F03DB51FCBFBDB006F79C8 /* Release */,
			);
			defaultConfigurationIsVisible = 0;
			defaultConfigurationName = Release;
		};
		07F03DB61FCBFBDB006F79C8 /* Build configuration list for PBXNativeTarget "Example" */ = {
			isa = XCConfigurationList;
			buildConfigurations = (
				07F03DB71FCBFBDB006F79C8 /* Debug */,
				07F03DB81FCBFBDB006F79C8 /* Release */,
			);
			defaultConfigurationIsVisible = 0;
			defaultConfigurationName = Release;
		};
		07F03DB91FCBFBDB006F79C8 /* Build configuration list for PBXNativeTarget "ExampleTests" */ = {
			isa = XCConfigurationList;
			buildConfigurations = (
				07F03DBA1FCBFBDB006F79C8 /* Debug */,
				07F03DBB1FCBFBDB006F79C8 /* Release */,
			);
			defaultConfigurationIsVisible = 0;
			defaultConfigurationName = Release;
		};
		07F03DBC1FCBFBDB006F79C8 /* Build configuration list for PBXNativeTarget "ExampleUITests" */ = {
			isa = XCConfigurationList;
			buildConfigurations = (
				07F03DBD1FCBFBDB006F79C8 /* Debug */,
				07F03DBE1FCBFBDB006F79C8 /* Release */,
			);
			defaultConfigurationIsVisible = 0;
			defaultConfigurationName = Release;
		};
/* End XCConfigurationList section */
	};
	rootObject = 07F03D861FCBFBDA006F79C8 /* Project object */;
}
